// !$*UTF8*$!
{
	archiveVersion = 1;
	classes = {
	};
	objectVersion = 46;
	objects = {

/* Begin PBXBuildFile section */
		3D0830731987C9D80038CD79 /* Cocoa.framework in Frameworks */ = {isa = PBXBuildFile; fileRef = 3D0830721987C9D80038CD79 /* Cocoa.framework */; };
		3D08307D1987C9D80038CD79 /* InfoPlist.strings in Resources */ = {isa = PBXBuildFile; fileRef = 3D08307B1987C9D80038CD79 /* InfoPlist.strings */; };
		3D0830831987C9D80038CD79 /* Credits.rtf in Resources */ = {isa = PBXBuildFile; fileRef = 3D0830811987C9D80038CD79 /* Credits.rtf */; };
		3D0830891987C9D90038CD79 /* MainMenu.xib in Resources */ = {isa = PBXBuildFile; fileRef = 3D0830871987C9D90038CD79 /* MainMenu.xib */; };
		3D08308B1987C9D90038CD79 /* Images.xcassets in Resources */ = {isa = PBXBuildFile; fileRef = 3D08308A1987C9D90038CD79 /* Images.xcassets */; };
		3D0830BC1987CB160038CD79 /* base64-decode.c in Sources */ = {isa = PBXBuildFile; fileRef = 3D0830AB1987CB160038CD79 /* base64-decode.c */; };
		3D0830BD1987CB160038CD79 /* client-handshake.c in Sources */ = {isa = PBXBuildFile; fileRef = 3D0830AC1987CB160038CD79 /* client-handshake.c */; };
		3D0830BE1987CB160038CD79 /* client-parser.c in Sources */ = {isa = PBXBuildFile; fileRef = 3D0830AD1987CB160038CD79 /* client-parser.c */; };
		3D0830BF1987CB160038CD79 /* client.c in Sources */ = {isa = PBXBuildFile; fileRef = 3D0830AE1987CB160038CD79 /* client.c */; };
		3D0830C01987CB160038CD79 /* context.c in Sources */ = {isa = PBXBuildFile; fileRef = 3D0830AF1987CB160038CD79 /* context.c */; };
		3D0830C31987CB160038CD79 /* extension.c in Sources */ = {isa = PBXBuildFile; fileRef = 3D0830B21987CB160038CD79 /* extension.c */; };
		3D0830C51987CB160038CD79 /* handshake.c in Sources */ = {isa = PBXBuildFile; fileRef = 3D0830B41987CB160038CD79 /* handshake.c */; };
		3D0830C61987CB160038CD79 /* libwebsockets.c in Sources */ = {isa = PBXBuildFile; fileRef = 3D0830B51987CB160038CD79 /* libwebsockets.c */; };
		3D0830C71987CB160038CD79 /* lws-plat-unix.c in Sources */ = {isa = PBXBuildFile; fileRef = 3D0830B61987CB160038CD79 /* lws-plat-unix.c */; };
		3D0830C81987CB160038CD79 /* output.c in Sources */ = {isa = PBXBuildFile; fileRef = 3D0830B71987CB160038CD79 /* output.c */; };
		3D0830C91987CB160038CD79 /* parsers.c in Sources */ = {isa = PBXBuildFile; fileRef = 3D0830B81987CB160038CD79 /* parsers.c */; };
		3D0830CA1987CB160038CD79 /* pollfd.c in Sources */ = {isa = PBXBuildFile; fileRef = 3D0830B91987CB160038CD79 /* pollfd.c */; };
		3D0830CB1987CB160038CD79 /* service.c in Sources */ = {isa = PBXBuildFile; fileRef = 3D0830BA1987CB160038CD79 /* service.c */; };
		3D0830CC1987CB160038CD79 /* sha-1.c in Sources */ = {isa = PBXBuildFile; fileRef = 3D0830BB1987CB160038CD79 /* sha-1.c */; };
		3D0830D91987CB2D0038CD79 /* dump.c in Sources */ = {isa = PBXBuildFile; fileRef = 3D0830CE1987CB2D0038CD79 /* dump.c */; };
		3D0830DA1987CB2D0038CD79 /* error.c in Sources */ = {isa = PBXBuildFile; fileRef = 3D0830CF1987CB2D0038CD79 /* error.c */; };
		3D0830DB1987CB2D0038CD79 /* hashtable.c in Sources */ = {isa = PBXBuildFile; fileRef = 3D0830D01987CB2D0038CD79 /* hashtable.c */; };
		3D0830DC1987CB2D0038CD79 /* hashtable_seed.c in Sources */ = {isa = PBXBuildFile; fileRef = 3D0830D11987CB2D0038CD79 /* hashtable_seed.c */; };
		3D0830DD1987CB2D0038CD79 /* load.c in Sources */ = {isa = PBXBuildFile; fileRef = 3D0830D21987CB2D0038CD79 /* load.c */; };
		3D0830DE1987CB2D0038CD79 /* memory.c in Sources */ = {isa = PBXBuildFile; fileRef = 3D0830D31987CB2D0038CD79 /* memory.c */; };
		3D0830DF1987CB2D0038CD79 /* pack_unpack.c in Sources */ = {isa = PBXBuildFile; fileRef = 3D0830D41987CB2D0038CD79 /* pack_unpack.c */; };
		3D0830E01987CB2D0038CD79 /* strbuffer.c in Sources */ = {isa = PBXBuildFile; fileRef = 3D0830D51987CB2D0038CD79 /* strbuffer.c */; };
		3D0830E11987CB2D0038CD79 /* strconv.c in Sources */ = {isa = PBXBuildFile; fileRef = 3D0830D61987CB2D0038CD79 /* strconv.c */; };
		3D0830E21987CB2D0038CD79 /* utf.c in Sources */ = {isa = PBXBuildFile; fileRef = 3D0830D71987CB2D0038CD79 /* utf.c */; };
		3D0830E31987CB2D0038CD79 /* value.c in Sources */ = {isa = PBXBuildFile; fileRef = 3D0830D81987CB2D0038CD79 /* value.c */; };
		3D0831021987CB4E0038CD79 /* RELog.cpp in Sources */ = {isa = PBXBuildFile; fileRef = 3D0830E61987CB4E0038CD79 /* RELog.cpp */; };
		3D0831071987CB4E0038CD79 /* REBuffer.cpp in Sources */ = {isa = PBXBuildFile; fileRef = 3D0830ED1987CB4E0038CD79 /* REBuffer.cpp */; };
		3D0831081987CB4E0038CD79 /* REBufferNoCopy.cpp in Sources */ = {isa = PBXBuildFile; fileRef = 3D0830EE1987CB4E0038CD79 /* REBufferNoCopy.cpp */; };
		3D0831091987CB4E0038CD79 /* REMutableString.cpp in Sources */ = {isa = PBXBuildFile; fileRef = 3D0830EF1987CB4E0038CD79 /* REMutableString.cpp */; };
		3D08310B1987CB4E0038CD79 /* REStaticString.cpp in Sources */ = {isa = PBXBuildFile; fileRef = 3D0830F21987CB4E0038CD79 /* REStaticString.cpp */; };
		3D08310C1987CB4E0038CD79 /* REString.cpp in Sources */ = {isa = PBXBuildFile; fileRef = 3D0830F31987CB4E0038CD79 /* REString.cpp */; };
		3D08310D1987CB4E0038CD79 /* REStringBase.cpp in Sources */ = {isa = PBXBuildFile; fileRef = 3D0830F41987CB4E0038CD79 /* REStringBase.cpp */; };
		3D08310E1987CB4E0038CD79 /* REStringList.cpp in Sources */ = {isa = PBXBuildFile; fileRef = 3D0830F51987CB4E0038CD79 /* REStringList.cpp */; };
		3D08310F1987CB4E0038CD79 /* REStringUtilsPrivate.cpp in Sources */ = {isa = PBXBuildFile; fileRef = 3D0830F61987CB4E0038CD79 /* REStringUtilsPrivate.cpp */; };
		3D0831111987CB4E0038CD79 /* REWideString.cpp in Sources */ = {isa = PBXBuildFile; fileRef = 3D0830FA1987CB4E0038CD79 /* REWideString.cpp */; };
		3D0831131987CB4E0038CD79 /* REVariant.cpp in Sources */ = {isa = PBXBuildFile; fileRef = 3D0830FD1987CB4E0038CD79 /* REVariant.cpp */; };
		3D0831141987CB4E0038CD79 /* REVariantList.cpp in Sources */ = {isa = PBXBuildFile; fileRef = 3D0830FE1987CB4E0038CD79 /* REVariantList.cpp */; };
		3D0831151987CB4E0038CD79 /* REVariantMap.cpp in Sources */ = {isa = PBXBuildFile; fileRef = 3D0830FF1987CB4E0038CD79 /* REVariantMap.cpp */; };
		3D08311A1987CB570038CD79 /* FayeCppClient.mm in Sources */ = {isa = PBXBuildFile; fileRef = 3D0831191987CB570038CD79 /* FayeCppClient.mm */; };
		3D08311C1987CC020038CD79 /* libz.dylib in Frameworks */ = {isa = PBXBuildFile; fileRef = 3D08311B1987CC020038CD79 /* libz.dylib */; };
		3D0831251987CDE30038CD79 /* server-handshake.c in Sources */ = {isa = PBXBuildFile; fileRef = 3D0831231987CDE30038CD79 /* server-handshake.c */; };
		3D0831281987CE280038CD79 /* libcrypto.dylib in Frameworks */ = {isa = PBXBuildFile; fileRef = 3D0831271987CE280038CD79 /* libcrypto.dylib */; };
		3D0855431C4697F600B53963 /* extension-permessage-deflate.c in Sources */ = {isa = PBXBuildFile; fileRef = 3D0855411C4697F600B53963 /* extension-permessage-deflate.c */; };
		3D0855441C4697F600B53963 /* extension-permessage-deflate.c in Sources */ = {isa = PBXBuildFile; fileRef = 3D0855411C4697F600B53963 /* extension-permessage-deflate.c */; };
		3D26F46F1C3E9166006ED0AE /* FCAdvice.cpp in Sources */ = {isa = PBXBuildFile; fileRef = 3D26F46E1C3E9166006ED0AE /* FCAdvice.cpp */; };
		3D26F4721C3ED594006ED0AE /* REThreadingPrivate.cpp in Sources */ = {isa = PBXBuildFile; fileRef = 3D26F4701C3ED594006ED0AE /* REThreadingPrivate.cpp */; };
		3D6807251C42D2BC000F0302 /* REStringBase.cpp in Sources */ = {isa = PBXBuildFile; fileRef = 3D0830F41987CB4E0038CD79 /* REStringBase.cpp */; };
		3D6807261C42D2BC000F0302 /* output.c in Sources */ = {isa = PBXBuildFile; fileRef = 3D0830B71987CB160038CD79 /* output.c */; };
		3D6807271C42D2BC000F0302 /* REStaticString.cpp in Sources */ = {isa = PBXBuildFile; fileRef = 3D0830F21987CB4E0038CD79 /* REStaticString.cpp */; };
		3D6807281C42D2BC000F0302 /* AppDelegate.mm in Sources */ = {isa = PBXBuildFile; fileRef = 3D0830851987C9D80038CD79 /* AppDelegate.mm */; };
		3D6807291C42D2BC000F0302 /* FCMessage.cpp in Sources */ = {isa = PBXBuildFile; fileRef = 3D7450B91AAF90F600AA32A3 /* FCMessage.cpp */; };
		3D68072A1C42D2BC000F0302 /* REBuffer.cpp in Sources */ = {isa = PBXBuildFile; fileRef = 3D0830ED1987CB4E0038CD79 /* REBuffer.cpp */; };
		3D68072B1C42D2BC000F0302 /* service.c in Sources */ = {isa = PBXBuildFile; fileRef = 3D0830BA1987CB160038CD79 /* service.c */; };
		3D68072C1C42D2BC000F0302 /* error.c in Sources */ = {isa = PBXBuildFile; fileRef = 3D0830CF1987CB2D0038CD79 /* error.c */; };
		3D68072D1C42D2BC000F0302 /* lws-plat-unix.c in Sources */ = {isa = PBXBuildFile; fileRef = 3D0830B61987CB160038CD79 /* lws-plat-unix.c */; };
		3D68072E1C42D2BC000F0302 /* libwebsockets.c in Sources */ = {isa = PBXBuildFile; fileRef = 3D0830B51987CB160038CD79 /* libwebsockets.c */; };
		3D68072F1C42D2BC000F0302 /* header.c in Sources */ = {isa = PBXBuildFile; fileRef = 3DEE58771AEFC11600BA5B77 /* header.c */; };
		3D6807301C42D2BC000F0302 /* FCWebSocket.cpp in Sources */ = {isa = PBXBuildFile; fileRef = 3D7450BD1AAF911500AA32A3 /* FCWebSocket.cpp */; };
		3D6807311C42D2BC000F0302 /* dump.c in Sources */ = {isa = PBXBuildFile; fileRef = 3D0830CE1987CB2D0038CD79 /* dump.c */; };
		3D6807321C42D2BC000F0302 /* memory.c in Sources */ = {isa = PBXBuildFile; fileRef = 3D0830D31987CB2D0038CD79 /* memory.c */; };
		3D6807331C42D2BC000F0302 /* FCClient.cpp in Sources */ = {isa = PBXBuildFile; fileRef = 3D7450B21AAF90D400AA32A3 /* FCClient.cpp */; };
		3D6807341C42D2BC000F0302 /* load.c in Sources */ = {isa = PBXBuildFile; fileRef = 3D0830D21987CB2D0038CD79 /* load.c */; };
		3D6807351C42D2BC000F0302 /* FCError.cpp in Sources */ = {isa = PBXBuildFile; fileRef = 3D7450B41AAF90DC00AA32A3 /* FCError.cpp */; };
		3D6807361C42D2BC000F0302 /* extension.c in Sources */ = {isa = PBXBuildFile; fileRef = 3D0830B21987CB160038CD79 /* extension.c */; };
		3D6807371C42D2BC000F0302 /* FayeCppClient.mm in Sources */ = {isa = PBXBuildFile; fileRef = 3D0831191987CB570038CD79 /* FayeCppClient.mm */; };
		3D6807381C42D2BC000F0302 /* FCTransport.cpp in Sources */ = {isa = PBXBuildFile; fileRef = 3D7450BB1AAF911500AA32A3 /* FCTransport.cpp */; };
		3D6807391C42D2BC000F0302 /* hashtable.c in Sources */ = {isa = PBXBuildFile; fileRef = 3D0830D01987CB2D0038CD79 /* hashtable.c */; };
		3D68073A1C42D2BC000F0302 /* REStringUtilsPrivate.cpp in Sources */ = {isa = PBXBuildFile; fileRef = 3D0830F61987CB4E0038CD79 /* REStringUtilsPrivate.cpp */; };
		3D68073C1C42D2BC000F0302 /* REThreadingPrivate.cpp in Sources */ = {isa = PBXBuildFile; fileRef = 3D26F4701C3ED594006ED0AE /* REThreadingPrivate.cpp */; };
		3D68073D1C42D2BC000F0302 /* strbuffer.c in Sources */ = {isa = PBXBuildFile; fileRef = 3D0830D51987CB2D0038CD79 /* strbuffer.c */; };
		3D68073F1C42D2BC000F0302 /* REWideString.cpp in Sources */ = {isa = PBXBuildFile; fileRef = 3D0830FA1987CB4E0038CD79 /* REWideString.cpp */; };
		3D6807401C42D2BC000F0302 /* main.m in Sources */ = {isa = PBXBuildFile; fileRef = 3D08307E1987C9D80038CD79 /* main.m */; };
		3D6807411C42D2BC000F0302 /* REBufferNoCopy.cpp in Sources */ = {isa = PBXBuildFile; fileRef = 3D0830EE1987CB4E0038CD79 /* REBufferNoCopy.cpp */; };
		3D6807421C42D2BC000F0302 /* value.c in Sources */ = {isa = PBXBuildFile; fileRef = 3D0830D81987CB2D0038CD79 /* value.c */; };
		3D6807431C42D2BC000F0302 /* RELog.cpp in Sources */ = {isa = PBXBuildFile; fileRef = 3D0830E61987CB4E0038CD79 /* RELog.cpp */; };
		3D6807441C42D2BC000F0302 /* client-parser.c in Sources */ = {isa = PBXBuildFile; fileRef = 3D0830AD1987CB160038CD79 /* client-parser.c */; };
		3D6807451C42D2BC000F0302 /* REMutableString.cpp in Sources */ = {isa = PBXBuildFile; fileRef = 3D0830EF1987CB4E0038CD79 /* REMutableString.cpp */; };
		3D6807461C42D2BC000F0302 /* sha-1.c in Sources */ = {isa = PBXBuildFile; fileRef = 3D0830BB1987CB160038CD79 /* sha-1.c */; };
		3D6807471C42D2BC000F0302 /* hashtable_seed.c in Sources */ = {isa = PBXBuildFile; fileRef = 3D0830D11987CB2D0038CD79 /* hashtable_seed.c */; };
		3D6807481C42D2BC000F0302 /* REVariantList.cpp in Sources */ = {isa = PBXBuildFile; fileRef = 3D0830FE1987CB4E0038CD79 /* REVariantList.cpp */; };
		3D6807491C42D2BC000F0302 /* alloc.c in Sources */ = {isa = PBXBuildFile; fileRef = 3DAD75F81A32F8900054F999 /* alloc.c */; };
		3D68074A1C42D2BC000F0302 /* REStringList.cpp in Sources */ = {isa = PBXBuildFile; fileRef = 3D0830F51987CB4E0038CD79 /* REStringList.cpp */; };
		3D68074B1C42D2BC000F0302 /* REVariant.cpp in Sources */ = {isa = PBXBuildFile; fileRef = 3D0830FD1987CB4E0038CD79 /* REVariant.cpp */; };
		3D68074C1C42D2BC000F0302 /* utf.c in Sources */ = {isa = PBXBuildFile; fileRef = 3D0830D71987CB2D0038CD79 /* utf.c */; };
		3D68074D1C42D2BC000F0302 /* REString.cpp in Sources */ = {isa = PBXBuildFile; fileRef = 3D0830F31987CB4E0038CD79 /* REString.cpp */; };
		3D68074E1C42D2BC000F0302 /* client.c in Sources */ = {isa = PBXBuildFile; fileRef = 3D0830AE1987CB160038CD79 /* client.c */; };
		3D68074F1C42D2BC000F0302 /* parsers.c in Sources */ = {isa = PBXBuildFile; fileRef = 3D0830B81987CB160038CD79 /* parsers.c */; };
		3D6807501C42D2BC000F0302 /* pollfd.c in Sources */ = {isa = PBXBuildFile; fileRef = 3D0830B91987CB160038CD79 /* pollfd.c */; };
		3D6807511C42D2BC000F0302 /* strconv.c in Sources */ = {isa = PBXBuildFile; fileRef = 3D0830D61987CB2D0038CD79 /* strconv.c */; };
		3D6807521C42D2BC000F0302 /* handshake.c in Sources */ = {isa = PBXBuildFile; fileRef = 3D0830B41987CB160038CD79 /* handshake.c */; };
		3D6807531C42D2BC000F0302 /* FCJsonUtils.cpp in Sources */ = {isa = PBXBuildFile; fileRef = 3D7450B71AAF90EE00AA32A3 /* FCJsonUtils.cpp */; };
		3D6807541C42D2BC000F0302 /* REVariantMap.cpp in Sources */ = {isa = PBXBuildFile; fileRef = 3D0830FF1987CB4E0038CD79 /* REVariantMap.cpp */; };
		3D6807551C42D2BC000F0302 /* base64-decode.c in Sources */ = {isa = PBXBuildFile; fileRef = 3D0830AB1987CB160038CD79 /* base64-decode.c */; };
		3D6807561C42D2BC000F0302 /* server-handshake.c in Sources */ = {isa = PBXBuildFile; fileRef = 3D0831231987CDE30038CD79 /* server-handshake.c */; };
		3D6807571C42D2BC000F0302 /* FCAdvice.cpp in Sources */ = {isa = PBXBuildFile; fileRef = 3D26F46E1C3E9166006ED0AE /* FCAdvice.cpp */; };
		3D6807581C42D2BC000F0302 /* context.c in Sources */ = {isa = PBXBuildFile; fileRef = 3D0830AF1987CB160038CD79 /* context.c */; };
		3D6807591C42D2BC000F0302 /* client-handshake.c in Sources */ = {isa = PBXBuildFile; fileRef = 3D0830AC1987CB160038CD79 /* client-handshake.c */; };
		3D68075A1C42D2BC000F0302 /* pack_unpack.c in Sources */ = {isa = PBXBuildFile; fileRef = 3D0830D41987CB2D0038CD79 /* pack_unpack.c */; };
		3D68075C1C42D2BC000F0302 /* libcrypto.dylib in Frameworks */ = {isa = PBXBuildFile; fileRef = 3D0831271987CE280038CD79 /* libcrypto.dylib */; };
		3D68075E1C42D2BC000F0302 /* libz.dylib in Frameworks */ = {isa = PBXBuildFile; fileRef = 3D08311B1987CC020038CD79 /* libz.dylib */; };
		3D68075F1C42D2BC000F0302 /* Cocoa.framework in Frameworks */ = {isa = PBXBuildFile; fileRef = 3D0830721987C9D80038CD79 /* Cocoa.framework */; };
		3D6807611C42D2BC000F0302 /* InfoPlist.strings in Resources */ = {isa = PBXBuildFile; fileRef = 3D08307B1987C9D80038CD79 /* InfoPlist.strings */; };
		3D6807621C42D2BC000F0302 /* Images.xcassets in Resources */ = {isa = PBXBuildFile; fileRef = 3D08308A1987C9D90038CD79 /* Images.xcassets */; };
		3D6807631C42D2BC000F0302 /* FayeCpp.bundle in Resources */ = {isa = PBXBuildFile; fileRef = 3DE39A3C1A92247C00038C5A /* FayeCpp.bundle */; };
		3D6807641C42D2BC000F0302 /* Credits.rtf in Resources */ = {isa = PBXBuildFile; fileRef = 3D0830811987C9D80038CD79 /* Credits.rtf */; };
		3D6807651C42D2BC000F0302 /* MainMenu.xib in Resources */ = {isa = PBXBuildFile; fileRef = 3D0830871987C9D90038CD79 /* MainMenu.xib */; };
		3D6807751C42D3BA000F0302 /* crl.c in Sources */ = {isa = PBXBuildFile; fileRef = 3D68076D1C42D3BA000F0302 /* crl.c */; };
		3D6807761C42D3BA000F0302 /* internal.c in Sources */ = {isa = PBXBuildFile; fileRef = 3D68076E1C42D3BA000F0302 /* internal.c */; };
		3D6807771C42D3BA000F0302 /* io.c in Sources */ = {isa = PBXBuildFile; fileRef = 3D68076F1C42D3BA000F0302 /* io.c */; };
		3D6807781C42D3BA000F0302 /* keys.c in Sources */ = {isa = PBXBuildFile; fileRef = 3D6807701C42D3BA000F0302 /* keys.c */; };
		3D6807791C42D3BA000F0302 /* ocsp.c in Sources */ = {isa = PBXBuildFile; fileRef = 3D6807711C42D3BA000F0302 /* ocsp.c */; };
		3D68077A1C42D3BA000F0302 /* sniffer.c in Sources */ = {isa = PBXBuildFile; fileRef = 3D6807721C42D3BA000F0302 /* sniffer.c */; };
		3D68077B1C42D3BA000F0302 /* ssl.c in Sources */ = {isa = PBXBuildFile; fileRef = 3D6807731C42D3BA000F0302 /* ssl.c */; };
		3D68077C1C42D3BA000F0302 /* tls.c in Sources */ = {isa = PBXBuildFile; fileRef = 3D6807741C42D3BA000F0302 /* tls.c */; };
		3D6807C61C42D84D000F0302 /* ssl.c in Sources */ = {isa = PBXBuildFile; fileRef = 3D0831211987CD8A0038CD79 /* ssl.c */; };
		3D6807C71C42DAFF000F0302 /* aes.c in Sources */ = {isa = PBXBuildFile; fileRef = 3D6807801C42D704000F0302 /* aes.c */; };
		3D6807C81C42DAFF000F0302 /* arc4.c in Sources */ = {isa = PBXBuildFile; fileRef = 3D6807811C42D704000F0302 /* arc4.c */; };
		3D6807C91C42DAFF000F0302 /* asn.c in Sources */ = {isa = PBXBuildFile; fileRef = 3D6807821C42D704000F0302 /* asn.c */; };
		3D6807CA1C42DAFF000F0302 /* blake2b.c in Sources */ = {isa = PBXBuildFile; fileRef = 3D6807831C42D704000F0302 /* blake2b.c */; };
		3D6807CB1C42DAFF000F0302 /* camellia.c in Sources */ = {isa = PBXBuildFile; fileRef = 3D6807841C42D704000F0302 /* camellia.c */; };
		3D6807CC1C42DAFF000F0302 /* chacha.c in Sources */ = {isa = PBXBuildFile; fileRef = 3D6807851C42D704000F0302 /* chacha.c */; };
		3D6807CD1C42DAFF000F0302 /* coding.c in Sources */ = {isa = PBXBuildFile; fileRef = 3D6807861C42D704000F0302 /* coding.c */; };
		3D6807CE1C42DAFF000F0302 /* des3.c in Sources */ = {isa = PBXBuildFile; fileRef = 3D6807871C42D704000F0302 /* des3.c */; };
		3D6807CF1C42DAFF000F0302 /* dh.c in Sources */ = {isa = PBXBuildFile; fileRef = 3D6807881C42D704000F0302 /* dh.c */; };
		3D6807D01C42DAFF000F0302 /* dsa.c in Sources */ = {isa = PBXBuildFile; fileRef = 3D6807891C42D704000F0302 /* dsa.c */; };
		3D6807D11C42DAFF000F0302 /* ecc.c in Sources */ = {isa = PBXBuildFile; fileRef = 3D68078A1C42D704000F0302 /* ecc.c */; };
		3D6807D21C42DAFF000F0302 /* error.c in Sources */ = {isa = PBXBuildFile; fileRef = 3D68078B1C42D704000F0302 /* error.c */; };
		3D6807D31C42DAFF000F0302 /* hash.c in Sources */ = {isa = PBXBuildFile; fileRef = 3D68078C1C42D704000F0302 /* hash.c */; };
		3D6807D41C42DAFF000F0302 /* hc128.c in Sources */ = {isa = PBXBuildFile; fileRef = 3D68078D1C42D704000F0302 /* hc128.c */; };
		3D6807D51C42DAFF000F0302 /* hmac.c in Sources */ = {isa = PBXBuildFile; fileRef = 3D68078E1C42D704000F0302 /* hmac.c */; };
		3D6807D61C42DAFF000F0302 /* integer.c in Sources */ = {isa = PBXBuildFile; fileRef = 3D68078F1C42D704000F0302 /* integer.c */; };
		3D6807D71C42DAFF000F0302 /* logging.c in Sources */ = {isa = PBXBuildFile; fileRef = 3D6807901C42D704000F0302 /* logging.c */; };
		3D6807D81C42DAFF000F0302 /* md2.c in Sources */ = {isa = PBXBuildFile; fileRef = 3D6807911C42D704000F0302 /* md2.c */; };
		3D6807D91C42DAFF000F0302 /* md4.c in Sources */ = {isa = PBXBuildFile; fileRef = 3D6807921C42D704000F0302 /* md4.c */; };
		3D6807DA1C42DAFF000F0302 /* md5.c in Sources */ = {isa = PBXBuildFile; fileRef = 3D6807931C42D704000F0302 /* md5.c */; };
		3D6807DB1C42DAFF000F0302 /* memory.c in Sources */ = {isa = PBXBuildFile; fileRef = 3D6807941C42D704000F0302 /* memory.c */; };
		3D6807DC1C42DAFF000F0302 /* misc.c in Sources */ = {isa = PBXBuildFile; fileRef = 3D6807951C42D704000F0302 /* misc.c */; };
		3D6807DD1C42DAFF000F0302 /* pkcs7.c in Sources */ = {isa = PBXBuildFile; fileRef = 3D6807961C42D704000F0302 /* pkcs7.c */; };
		3D6807DE1C42DAFF000F0302 /* poly1305.c in Sources */ = {isa = PBXBuildFile; fileRef = 3D6807971C42D704000F0302 /* poly1305.c */; };
		3D6807DF1C42DAFF000F0302 /* pwdbased.c in Sources */ = {isa = PBXBuildFile; fileRef = 3D6807981C42D704000F0302 /* pwdbased.c */; };
		3D6807E01C42DAFF000F0302 /* rabbit.c in Sources */ = {isa = PBXBuildFile; fileRef = 3D6807991C42D704000F0302 /* rabbit.c */; };
		3D6807E11C42DAFF000F0302 /* random.c in Sources */ = {isa = PBXBuildFile; fileRef = 3D68079A1C42D704000F0302 /* random.c */; };
		3D6807E21C42DAFF000F0302 /* ripemd.c in Sources */ = {isa = PBXBuildFile; fileRef = 3D68079B1C42D704000F0302 /* ripemd.c */; };
		3D6807E31C42DAFF000F0302 /* rsa.c in Sources */ = {isa = PBXBuildFile; fileRef = 3D68079C1C42D704000F0302 /* rsa.c */; };
		3D6807E41C42DAFF000F0302 /* sha.c in Sources */ = {isa = PBXBuildFile; fileRef = 3D68079D1C42D704000F0302 /* sha.c */; };
		3D6807E51C42DAFF000F0302 /* sha256.c in Sources */ = {isa = PBXBuildFile; fileRef = 3D68079E1C42D704000F0302 /* sha256.c */; };
		3D6807E61C42DAFF000F0302 /* sha512.c in Sources */ = {isa = PBXBuildFile; fileRef = 3D68079F1C42D704000F0302 /* sha512.c */; };
		3D6807E71C42DAFF000F0302 /* tfm.c in Sources */ = {isa = PBXBuildFile; fileRef = 3D6807A01C42D704000F0302 /* tfm.c */; };
		3D6807E81C42DAFF000F0302 /* wc_encrypt.c in Sources */ = {isa = PBXBuildFile; fileRef = 3D6807A11C42D704000F0302 /* wc_encrypt.c */; };
		3D6807E91C42DAFF000F0302 /* wc_port.c in Sources */ = {isa = PBXBuildFile; fileRef = 3D6807A21C42D704000F0302 /* wc_port.c */; };
		3D7450B31AAF90D400AA32A3 /* FCClient.cpp in Sources */ = {isa = PBXBuildFile; fileRef = 3D7450B21AAF90D400AA32A3 /* FCClient.cpp */; };
		3D7450B51AAF90DC00AA32A3 /* FCError.cpp in Sources */ = {isa = PBXBuildFile; fileRef = 3D7450B41AAF90DC00AA32A3 /* FCError.cpp */; };
		3D7450B81AAF90EE00AA32A3 /* FCJsonUtils.cpp in Sources */ = {isa = PBXBuildFile; fileRef = 3D7450B71AAF90EE00AA32A3 /* FCJsonUtils.cpp */; };
		3D7450BA1AAF90F600AA32A3 /* FCMessage.cpp in Sources */ = {isa = PBXBuildFile; fileRef = 3D7450B91AAF90F600AA32A3 /* FCMessage.cpp */; };
		3D7450BF1AAF911500AA32A3 /* FCTransport.cpp in Sources */ = {isa = PBXBuildFile; fileRef = 3D7450BB1AAF911500AA32A3 /* FCTransport.cpp */; };
		3D7450C01AAF911500AA32A3 /* FCWebSocket.cpp in Sources */ = {isa = PBXBuildFile; fileRef = 3D7450BD1AAF911500AA32A3 /* FCWebSocket.cpp */; };
		3D85BCC219F3DEA70057DAEC /* AppDelegate.mm in Sources */ = {isa = PBXBuildFile; fileRef = 3D0830851987C9D80038CD79 /* AppDelegate.mm */; };
		3DA1CAC71B943893003A9064 /* main.m in Sources */ = {isa = PBXBuildFile; fileRef = 3D08307E1987C9D80038CD79 /* main.m */; };
		3DAD75F91A32F8900054F999 /* alloc.c in Sources */ = {isa = PBXBuildFile; fileRef = 3DAD75F81A32F8900054F999 /* alloc.c */; };
		3DE39A3D1A92247C00038C5A /* FayeCpp.bundle in Resources */ = {isa = PBXBuildFile; fileRef = 3DE39A3C1A92247C00038C5A /* FayeCpp.bundle */; };
		3DEE58781AEFC11600BA5B77 /* header.c in Sources */ = {isa = PBXBuildFile; fileRef = 3DEE58771AEFC11600BA5B77 /* header.c */; };
/* End PBXBuildFile section */

/* Begin PBXFileReference section */
		3D08306F1987C9D80038CD79 /* test_mac.app */ = {isa = PBXFileReference; explicitFileType = wrapper.application; includeInIndex = 0; path = test_mac.app; sourceTree = BUILT_PRODUCTS_DIR; };
		3D0830721987C9D80038CD79 /* Cocoa.framework */ = {isa = PBXFileReference; lastKnownFileType = wrapper.framework; name = Cocoa.framework; path = System/Library/Frameworks/Cocoa.framework; sourceTree = SDKROOT; };
		3D0830751987C9D80038CD79 /* AppKit.framework */ = {isa = PBXFileReference; lastKnownFileType = wrapper.framework; name = AppKit.framework; path = System/Library/Frameworks/AppKit.framework; sourceTree = SDKROOT; };
		3D0830761987C9D80038CD79 /* CoreData.framework */ = {isa = PBXFileReference; lastKnownFileType = wrapper.framework; name = CoreData.framework; path = System/Library/Frameworks/CoreData.framework; sourceTree = SDKROOT; };
		3D0830771987C9D80038CD79 /* Foundation.framework */ = {isa = PBXFileReference; lastKnownFileType = wrapper.framework; name = Foundation.framework; path = System/Library/Frameworks/Foundation.framework; sourceTree = SDKROOT; };
		3D08307A1987C9D80038CD79 /* test_mac-Info.plist */ = {isa = PBXFileReference; lastKnownFileType = text.plist.xml; path = "test_mac-Info.plist"; sourceTree = "<group>"; };
		3D08307C1987C9D80038CD79 /* en */ = {isa = PBXFileReference; lastKnownFileType = text.plist.strings; name = en; path = en.lproj/InfoPlist.strings; sourceTree = "<group>"; };
		3D08307E1987C9D80038CD79 /* main.m */ = {isa = PBXFileReference; lastKnownFileType = sourcecode.c.objc; path = main.m; sourceTree = "<group>"; };
		3D0830801987C9D80038CD79 /* test_mac-Prefix.pch */ = {isa = PBXFileReference; lastKnownFileType = sourcecode.c.h; path = "test_mac-Prefix.pch"; sourceTree = "<group>"; };
		3D0830821987C9D80038CD79 /* en */ = {isa = PBXFileReference; lastKnownFileType = text.rtf; name = en; path = en.lproj/Credits.rtf; sourceTree = "<group>"; };
		3D0830841987C9D80038CD79 /* AppDelegate.h */ = {isa = PBXFileReference; lastKnownFileType = sourcecode.c.h; path = AppDelegate.h; sourceTree = "<group>"; };
		3D0830851987C9D80038CD79 /* AppDelegate.mm */ = {isa = PBXFileReference; lastKnownFileType = sourcecode.cpp.objcpp; path = AppDelegate.mm; sourceTree = "<group>"; };
		3D0830881987C9D90038CD79 /* Base */ = {isa = PBXFileReference; lastKnownFileType = file.xib; name = Base; path = Base.lproj/MainMenu.xib; sourceTree = "<group>"; };
		3D08308A1987C9D90038CD79 /* Images.xcassets */ = {isa = PBXFileReference; lastKnownFileType = folder.assetcatalog; path = Images.xcassets; sourceTree = "<group>"; };
		3D0830911987C9D90038CD79 /* XCTest.framework */ = {isa = PBXFileReference; lastKnownFileType = wrapper.framework; name = XCTest.framework; path = Library/Frameworks/XCTest.framework; sourceTree = DEVELOPER_DIR; };
		3D0830A71987CB070038CD79 /* fayecpp_config.h */ = {isa = PBXFileReference; fileEncoding = 4; lastKnownFileType = sourcecode.c.h; name = fayecpp_config.h; path = ../../fayecpp_config.h; sourceTree = "<group>"; };
		3D0830A81987CB070038CD79 /* jansson_config.h */ = {isa = PBXFileReference; fileEncoding = 4; lastKnownFileType = sourcecode.c.h; name = jansson_config.h; path = ../../jansson_config.h; sourceTree = "<group>"; };
		3D0830A91987CB070038CD79 /* jansson_private_config.h */ = {isa = PBXFileReference; fileEncoding = 4; lastKnownFileType = sourcecode.c.h; name = jansson_private_config.h; path = ../../jansson_private_config.h; sourceTree = "<group>"; };
		3D0830AA1987CB070038CD79 /* lws_config.h */ = {isa = PBXFileReference; fileEncoding = 4; lastKnownFileType = sourcecode.c.h; name = lws_config.h; path = ../../lws_config.h; sourceTree = "<group>"; };
		3D0830AB1987CB160038CD79 /* base64-decode.c */ = {isa = PBXFileReference; fileEncoding = 4; lastKnownFileType = sourcecode.c.c; name = "base64-decode.c"; path = "../../../../libwebsockets/lib/base64-decode.c"; sourceTree = "<group>"; };
		3D0830AC1987CB160038CD79 /* client-handshake.c */ = {isa = PBXFileReference; fileEncoding = 4; lastKnownFileType = sourcecode.c.c; name = "client-handshake.c"; path = "../../../../libwebsockets/lib/client-handshake.c"; sourceTree = "<group>"; };
		3D0830AD1987CB160038CD79 /* client-parser.c */ = {isa = PBXFileReference; fileEncoding = 4; lastKnownFileType = sourcecode.c.c; name = "client-parser.c"; path = "../../../../libwebsockets/lib/client-parser.c"; sourceTree = "<group>"; };
		3D0830AE1987CB160038CD79 /* client.c */ = {isa = PBXFileReference; fileEncoding = 4; lastKnownFileType = sourcecode.c.c; name = client.c; path = ../../../../libwebsockets/lib/client.c; sourceTree = "<group>"; };
		3D0830AF1987CB160038CD79 /* context.c */ = {isa = PBXFileReference; fileEncoding = 4; lastKnownFileType = sourcecode.c.c; name = context.c; path = ../../../../libwebsockets/lib/context.c; sourceTree = "<group>"; };
		3D0830B21987CB160038CD79 /* extension.c */ = {isa = PBXFileReference; fileEncoding = 4; lastKnownFileType = sourcecode.c.c; name = extension.c; path = ../../../../libwebsockets/lib/extension.c; sourceTree = "<group>"; };
		3D0830B41987CB160038CD79 /* handshake.c */ = {isa = PBXFileReference; fileEncoding = 4; lastKnownFileType = sourcecode.c.c; name = handshake.c; path = ../../../../libwebsockets/lib/handshake.c; sourceTree = "<group>"; };
		3D0830B51987CB160038CD79 /* libwebsockets.c */ = {isa = PBXFileReference; fileEncoding = 4; lastKnownFileType = sourcecode.c.c; name = libwebsockets.c; path = ../../../../libwebsockets/lib/libwebsockets.c; sourceTree = "<group>"; };
		3D0830B61987CB160038CD79 /* lws-plat-unix.c */ = {isa = PBXFileReference; fileEncoding = 4; lastKnownFileType = sourcecode.c.c; name = "lws-plat-unix.c"; path = "../../../../libwebsockets/lib/lws-plat-unix.c"; sourceTree = "<group>"; };
		3D0830B71987CB160038CD79 /* output.c */ = {isa = PBXFileReference; fileEncoding = 4; lastKnownFileType = sourcecode.c.c; name = output.c; path = ../../../../libwebsockets/lib/output.c; sourceTree = "<group>"; };
		3D0830B81987CB160038CD79 /* parsers.c */ = {isa = PBXFileReference; fileEncoding = 4; lastKnownFileType = sourcecode.c.c; name = parsers.c; path = ../../../../libwebsockets/lib/parsers.c; sourceTree = "<group>"; };
		3D0830B91987CB160038CD79 /* pollfd.c */ = {isa = PBXFileReference; fileEncoding = 4; lastKnownFileType = sourcecode.c.c; name = pollfd.c; path = ../../../../libwebsockets/lib/pollfd.c; sourceTree = "<group>"; };
		3D0830BA1987CB160038CD79 /* service.c */ = {isa = PBXFileReference; fileEncoding = 4; lastKnownFileType = sourcecode.c.c; name = service.c; path = ../../../../libwebsockets/lib/service.c; sourceTree = "<group>"; };
		3D0830BB1987CB160038CD79 /* sha-1.c */ = {isa = PBXFileReference; fileEncoding = 4; lastKnownFileType = sourcecode.c.c; name = "sha-1.c"; path = "../../../../libwebsockets/lib/sha-1.c"; sourceTree = "<group>"; };
		3D0830CE1987CB2D0038CD79 /* dump.c */ = {isa = PBXFileReference; fileEncoding = 4; lastKnownFileType = sourcecode.c.c; name = dump.c; path = ../../../../jansson/src/dump.c; sourceTree = "<group>"; };
		3D0830CF1987CB2D0038CD79 /* error.c */ = {isa = PBXFileReference; fileEncoding = 4; lastKnownFileType = sourcecode.c.c; name = error.c; path = ../../../../jansson/src/error.c; sourceTree = "<group>"; };
		3D0830D01987CB2D0038CD79 /* hashtable.c */ = {isa = PBXFileReference; fileEncoding = 4; lastKnownFileType = sourcecode.c.c; name = hashtable.c; path = ../../../../jansson/src/hashtable.c; sourceTree = "<group>"; };
		3D0830D11987CB2D0038CD79 /* hashtable_seed.c */ = {isa = PBXFileReference; fileEncoding = 4; lastKnownFileType = sourcecode.c.c; name = hashtable_seed.c; path = ../../../../jansson/src/hashtable_seed.c; sourceTree = "<group>"; };
		3D0830D21987CB2D0038CD79 /* load.c */ = {isa = PBXFileReference; fileEncoding = 4; lastKnownFileType = sourcecode.c.c; name = load.c; path = ../../../../jansson/src/load.c; sourceTree = "<group>"; };
		3D0830D31987CB2D0038CD79 /* memory.c */ = {isa = PBXFileReference; fileEncoding = 4; lastKnownFileType = sourcecode.c.c; name = memory.c; path = ../../../../jansson/src/memory.c; sourceTree = "<group>"; };
		3D0830D41987CB2D0038CD79 /* pack_unpack.c */ = {isa = PBXFileReference; fileEncoding = 4; lastKnownFileType = sourcecode.c.c; name = pack_unpack.c; path = ../../../../jansson/src/pack_unpack.c; sourceTree = "<group>"; };
		3D0830D51987CB2D0038CD79 /* strbuffer.c */ = {isa = PBXFileReference; fileEncoding = 4; lastKnownFileType = sourcecode.c.c; name = strbuffer.c; path = ../../../../jansson/src/strbuffer.c; sourceTree = "<group>"; };
		3D0830D61987CB2D0038CD79 /* strconv.c */ = {isa = PBXFileReference; fileEncoding = 4; lastKnownFileType = sourcecode.c.c; name = strconv.c; path = ../../../../jansson/src/strconv.c; sourceTree = "<group>"; };
		3D0830D71987CB2D0038CD79 /* utf.c */ = {isa = PBXFileReference; fileEncoding = 4; lastKnownFileType = sourcecode.c.c; name = utf.c; path = ../../../../jansson/src/utf.c; sourceTree = "<group>"; };
		3D0830D81987CB2D0038CD79 /* value.c */ = {isa = PBXFileReference; fileEncoding = 4; lastKnownFileType = sourcecode.c.c; name = value.c; path = ../../../../jansson/src/value.c; sourceTree = "<group>"; };
		3D0830E61987CB4E0038CD79 /* RELog.cpp */ = {isa = PBXFileReference; fileEncoding = 4; lastKnownFileType = sourcecode.cpp.cpp; lineEnding = 0; name = RELog.cpp; path = ../../../../src/RELog.cpp; sourceTree = "<group>"; xcLanguageSpecificationIdentifier = xcode.lang.cpp; };
		3D0830ED1987CB4E0038CD79 /* REBuffer.cpp */ = {isa = PBXFileReference; fileEncoding = 4; lastKnownFileType = sourcecode.cpp.cpp; lineEnding = 0; name = REBuffer.cpp; path = ../../../../src/REBuffer.cpp; sourceTree = "<group>"; xcLanguageSpecificationIdentifier = xcode.lang.cpp; };
		3D0830EE1987CB4E0038CD79 /* REBufferNoCopy.cpp */ = {isa = PBXFileReference; fileEncoding = 4; lastKnownFileType = sourcecode.cpp.cpp; lineEnding = 0; name = REBufferNoCopy.cpp; path = ../../../../src/REBufferNoCopy.cpp; sourceTree = "<group>"; xcLanguageSpecificationIdentifier = xcode.lang.cpp; };
		3D0830EF1987CB4E0038CD79 /* REMutableString.cpp */ = {isa = PBXFileReference; fileEncoding = 4; lastKnownFileType = sourcecode.cpp.cpp; lineEnding = 0; name = REMutableString.cpp; path = ../../../../src/REMutableString.cpp; sourceTree = "<group>"; xcLanguageSpecificationIdentifier = xcode.lang.cpp; };
		3D0830F21987CB4E0038CD79 /* REStaticString.cpp */ = {isa = PBXFileReference; fileEncoding = 4; lastKnownFileType = sourcecode.cpp.cpp; lineEnding = 0; name = REStaticString.cpp; path = ../../../../src/REStaticString.cpp; sourceTree = "<group>"; xcLanguageSpecificationIdentifier = xcode.lang.cpp; };
		3D0830F31987CB4E0038CD79 /* REString.cpp */ = {isa = PBXFileReference; fileEncoding = 4; lastKnownFileType = sourcecode.cpp.cpp; lineEnding = 0; name = REString.cpp; path = ../../../../src/REString.cpp; sourceTree = "<group>"; xcLanguageSpecificationIdentifier = xcode.lang.cpp; };
		3D0830F41987CB4E0038CD79 /* REStringBase.cpp */ = {isa = PBXFileReference; fileEncoding = 4; lastKnownFileType = sourcecode.cpp.cpp; lineEnding = 0; name = REStringBase.cpp; path = ../../../../src/REStringBase.cpp; sourceTree = "<group>"; xcLanguageSpecificationIdentifier = xcode.lang.cpp; };
		3D0830F51987CB4E0038CD79 /* REStringList.cpp */ = {isa = PBXFileReference; fileEncoding = 4; lastKnownFileType = sourcecode.cpp.cpp; lineEnding = 0; name = REStringList.cpp; path = ../../../../src/REStringList.cpp; sourceTree = "<group>"; xcLanguageSpecificationIdentifier = xcode.lang.cpp; };
		3D0830F61987CB4E0038CD79 /* REStringUtilsPrivate.cpp */ = {isa = PBXFileReference; fileEncoding = 4; lastKnownFileType = sourcecode.cpp.cpp; lineEnding = 0; name = REStringUtilsPrivate.cpp; path = ../../../../src/REStringUtilsPrivate.cpp; sourceTree = "<group>"; xcLanguageSpecificationIdentifier = xcode.lang.cpp; };
		3D0830F71987CB4E0038CD79 /* REStringUtilsPrivate.h */ = {isa = PBXFileReference; fileEncoding = 4; lastKnownFileType = sourcecode.c.h; lineEnding = 0; name = REStringUtilsPrivate.h; path = ../../../../src/REStringUtilsPrivate.h; sourceTree = "<group>"; xcLanguageSpecificationIdentifier = xcode.lang.objcpp; };
		3D0830FA1987CB4E0038CD79 /* REWideString.cpp */ = {isa = PBXFileReference; fileEncoding = 4; lastKnownFileType = sourcecode.cpp.cpp; lineEnding = 0; name = REWideString.cpp; path = ../../../../src/REWideString.cpp; sourceTree = "<group>"; xcLanguageSpecificationIdentifier = xcode.lang.cpp; };
		3D0830FD1987CB4E0038CD79 /* REVariant.cpp */ = {isa = PBXFileReference; fileEncoding = 4; lastKnownFileType = sourcecode.cpp.cpp; lineEnding = 0; name = REVariant.cpp; path = ../../../../src/REVariant.cpp; sourceTree = "<group>"; xcLanguageSpecificationIdentifier = xcode.lang.cpp; };
		3D0830FE1987CB4E0038CD79 /* REVariantList.cpp */ = {isa = PBXFileReference; fileEncoding = 4; lastKnownFileType = sourcecode.cpp.cpp; lineEnding = 0; name = REVariantList.cpp; path = ../../../../src/REVariantList.cpp; sourceTree = "<group>"; xcLanguageSpecificationIdentifier = xcode.lang.cpp; };
		3D0830FF1987CB4E0038CD79 /* REVariantMap.cpp */ = {isa = PBXFileReference; fileEncoding = 4; lastKnownFileType = sourcecode.cpp.cpp; lineEnding = 0; name = REVariantMap.cpp; path = ../../../../src/REVariantMap.cpp; sourceTree = "<group>"; xcLanguageSpecificationIdentifier = xcode.lang.cpp; };
		3D0831171987CB570038CD79 /* fayecpp.h */ = {isa = PBXFileReference; fileEncoding = 4; lastKnownFileType = sourcecode.c.h; lineEnding = 0; name = fayecpp.h; path = ../../../../fayecpp.h; sourceTree = "<group>"; xcLanguageSpecificationIdentifier = xcode.lang.objcpp; };
		3D0831181987CB570038CD79 /* FayeCppClient.h */ = {isa = PBXFileReference; fileEncoding = 4; lastKnownFileType = sourcecode.c.h; lineEnding = 0; name = FayeCppClient.h; path = ../../../../contrib/objc/FayeCppClient.h; sourceTree = "<group>"; };
		3D0831191987CB570038CD79 /* FayeCppClient.mm */ = {isa = PBXFileReference; fileEncoding = 4; lastKnownFileType = sourcecode.cpp.objcpp; lineEnding = 0; name = FayeCppClient.mm; path = ../../../../contrib/objc/FayeCppClient.mm; sourceTree = "<group>"; xcLanguageSpecificationIdentifier = xcode.lang.objcpp; };
		3D08311B1987CC020038CD79 /* libz.dylib */ = {isa = PBXFileReference; lastKnownFileType = "compiled.mach-o.dylib"; name = libz.dylib; path = usr/lib/libz.dylib; sourceTree = SDKROOT; };
		3D0831211987CD8A0038CD79 /* ssl.c */ = {isa = PBXFileReference; fileEncoding = 4; lastKnownFileType = sourcecode.c.c; name = ssl.c; path = ../../../../libwebsockets/lib/ssl.c; sourceTree = "<group>"; };
		3D0831231987CDE30038CD79 /* server-handshake.c */ = {isa = PBXFileReference; fileEncoding = 4; lastKnownFileType = sourcecode.c.c; name = "server-handshake.c"; path = "../../../../libwebsockets/lib/server-handshake.c"; sourceTree = "<group>"; };
		3D0831241987CDE30038CD79 /* server.c */ = {isa = PBXFileReference; fileEncoding = 4; lastKnownFileType = sourcecode.c.c; name = server.c; path = ../../../../libwebsockets/lib/server.c; sourceTree = "<group>"; };
		3D0831271987CE280038CD79 /* libcrypto.dylib */ = {isa = PBXFileReference; lastKnownFileType = "compiled.mach-o.dylib"; name = libcrypto.dylib; path = usr/lib/libcrypto.dylib; sourceTree = SDKROOT; };
		3D0855411C4697F600B53963 /* extension-permessage-deflate.c */ = {isa = PBXFileReference; fileEncoding = 4; lastKnownFileType = sourcecode.c.c; name = "extension-permessage-deflate.c"; path = "../../../../libwebsockets/lib/extension-permessage-deflate.c"; sourceTree = "<group>"; };
		3D26F46D1C3E89D1006ED0AE /* lws_config_private.h */ = {isa = PBXFileReference; lastKnownFileType = sourcecode.c.h; name = lws_config_private.h; path = ../../lws_config_private.h; sourceTree = "<group>"; };
		3D26F46E1C3E9166006ED0AE /* FCAdvice.cpp */ = {isa = PBXFileReference; fileEncoding = 4; lastKnownFileType = sourcecode.cpp.cpp; name = FCAdvice.cpp; path = ../../../../src/FCAdvice.cpp; sourceTree = "<group>"; };
		3D26F4701C3ED594006ED0AE /* REThreadingPrivate.cpp */ = {isa = PBXFileReference; fileEncoding = 4; lastKnownFileType = sourcecode.cpp.cpp; name = REThreadingPrivate.cpp; path = ../../../../src/REThreadingPrivate.cpp; sourceTree = "<group>"; };
		3D26F4711C3ED594006ED0AE /* REThreadingPrivate.h */ = {isa = PBXFileReference; fileEncoding = 4; lastKnownFileType = sourcecode.c.h; name = REThreadingPrivate.h; path = ../../../../src/REThreadingPrivate.h; sourceTree = "<group>"; };
		3D2739F01AAE0F0B00317CA3 /* test_fayecpp_connect.cpp */ = {isa = PBXFileReference; fileEncoding = 4; lastKnownFileType = sourcecode.cpp.cpp; name = test_fayecpp_connect.cpp; path = ../../../../test/test_fayecpp_connect.cpp; sourceTree = "<group>"; };
		3D3045E019EE859300D8B163 /* test_fayecpp_header.cpp */ = {isa = PBXFileReference; fileEncoding = 4; lastKnownFileType = sourcecode.cpp.cpp; lineEnding = 0; name = test_fayecpp_header.cpp; path = ../../../../test/test_fayecpp_header.cpp; sourceTree = "<group>"; xcLanguageSpecificationIdentifier = xcode.lang.cpp; };
		3D3045E219EE88A600D8B163 /* test_fayecpp_init.cpp */ = {isa = PBXFileReference; fileEncoding = 4; lastKnownFileType = sourcecode.cpp.cpp; lineEnding = 0; name = test_fayecpp_init.cpp; path = ../../../../test/test_fayecpp_init.cpp; sourceTree = "<group>"; xcLanguageSpecificationIdentifier = xcode.lang.cpp; };
		3D6807691C42D2BC000F0302 /* test_mac_wolfssl.app */ = {isa = PBXFileReference; explicitFileType = wrapper.application; includeInIndex = 0; path = test_mac_wolfssl.app; sourceTree = BUILT_PRODUCTS_DIR; };
		3D68076A1C42D2BC000F0302 /* test_mac copy-Info.plist */ = {isa = PBXFileReference; lastKnownFileType = text.plist.xml; name = "test_mac copy-Info.plist"; path = "/Volumes/Data/Documents/presentain-desktop/FayeCpp/builds/mac/test_mac/test_mac copy-Info.plist"; sourceTree = "<absolute>"; };
		3D68076D1C42D3BA000F0302 /* crl.c */ = {isa = PBXFileReference; fileEncoding = 4; lastKnownFileType = sourcecode.c.c; name = crl.c; path = ../../../../wolfssl/src/crl.c; sourceTree = "<group>"; };
		3D68076E1C42D3BA000F0302 /* internal.c */ = {isa = PBXFileReference; fileEncoding = 4; lastKnownFileType = sourcecode.c.c; name = internal.c; path = ../../../../wolfssl/src/internal.c; sourceTree = "<group>"; };
		3D68076F1C42D3BA000F0302 /* io.c */ = {isa = PBXFileReference; fileEncoding = 4; lastKnownFileType = sourcecode.c.c; name = io.c; path = ../../../../wolfssl/src/io.c; sourceTree = "<group>"; };
		3D6807701C42D3BA000F0302 /* keys.c */ = {isa = PBXFileReference; fileEncoding = 4; lastKnownFileType = sourcecode.c.c; name = keys.c; path = ../../../../wolfssl/src/keys.c; sourceTree = "<group>"; };
		3D6807711C42D3BA000F0302 /* ocsp.c */ = {isa = PBXFileReference; fileEncoding = 4; lastKnownFileType = sourcecode.c.c; name = ocsp.c; path = ../../../../wolfssl/src/ocsp.c; sourceTree = "<group>"; };
		3D6807721C42D3BA000F0302 /* sniffer.c */ = {isa = PBXFileReference; fileEncoding = 4; lastKnownFileType = sourcecode.c.c; name = sniffer.c; path = ../../../../wolfssl/src/sniffer.c; sourceTree = "<group>"; };
		3D6807731C42D3BA000F0302 /* ssl.c */ = {isa = PBXFileReference; fileEncoding = 4; lastKnownFileType = sourcecode.c.c; name = ssl.c; path = ../../../../wolfssl/src/ssl.c; sourceTree = "<group>"; };
		3D6807741C42D3BA000F0302 /* tls.c */ = {isa = PBXFileReference; fileEncoding = 4; lastKnownFileType = sourcecode.c.c; name = tls.c; path = ../../../../wolfssl/src/tls.c; sourceTree = "<group>"; };
		3D68077E1C42D5D6000F0302 /* config.h */ = {isa = PBXFileReference; lastKnownFileType = sourcecode.c.h; name = config.h; path = ../../config.h; sourceTree = "<group>"; };
		3D6807801C42D704000F0302 /* aes.c */ = {isa = PBXFileReference; fileEncoding = 4; lastKnownFileType = sourcecode.c.c; name = aes.c; path = ../../../../wolfssl/wolfcrypt/src/aes.c; sourceTree = "<group>"; };
		3D6807811C42D704000F0302 /* arc4.c */ = {isa = PBXFileReference; fileEncoding = 4; lastKnownFileType = sourcecode.c.c; name = arc4.c; path = ../../../../wolfssl/wolfcrypt/src/arc4.c; sourceTree = "<group>"; };
		3D6807821C42D704000F0302 /* asn.c */ = {isa = PBXFileReference; fileEncoding = 4; lastKnownFileType = sourcecode.c.c; name = asn.c; path = ../../../../wolfssl/wolfcrypt/src/asn.c; sourceTree = "<group>"; };
		3D6807831C42D704000F0302 /* blake2b.c */ = {isa = PBXFileReference; fileEncoding = 4; lastKnownFileType = sourcecode.c.c; name = blake2b.c; path = ../../../../wolfssl/wolfcrypt/src/blake2b.c; sourceTree = "<group>"; };
		3D6807841C42D704000F0302 /* camellia.c */ = {isa = PBXFileReference; fileEncoding = 4; lastKnownFileType = sourcecode.c.c; name = camellia.c; path = ../../../../wolfssl/wolfcrypt/src/camellia.c; sourceTree = "<group>"; };
		3D6807851C42D704000F0302 /* chacha.c */ = {isa = PBXFileReference; fileEncoding = 4; lastKnownFileType = sourcecode.c.c; name = chacha.c; path = ../../../../wolfssl/wolfcrypt/src/chacha.c; sourceTree = "<group>"; };
		3D6807861C42D704000F0302 /* coding.c */ = {isa = PBXFileReference; fileEncoding = 4; lastKnownFileType = sourcecode.c.c; name = coding.c; path = ../../../../wolfssl/wolfcrypt/src/coding.c; sourceTree = "<group>"; };
		3D6807871C42D704000F0302 /* des3.c */ = {isa = PBXFileReference; fileEncoding = 4; lastKnownFileType = sourcecode.c.c; name = des3.c; path = ../../../../wolfssl/wolfcrypt/src/des3.c; sourceTree = "<group>"; };
		3D6807881C42D704000F0302 /* dh.c */ = {isa = PBXFileReference; fileEncoding = 4; lastKnownFileType = sourcecode.c.c; name = dh.c; path = ../../../../wolfssl/wolfcrypt/src/dh.c; sourceTree = "<group>"; };
		3D6807891C42D704000F0302 /* dsa.c */ = {isa = PBXFileReference; fileEncoding = 4; lastKnownFileType = sourcecode.c.c; name = dsa.c; path = ../../../../wolfssl/wolfcrypt/src/dsa.c; sourceTree = "<group>"; };
		3D68078A1C42D704000F0302 /* ecc.c */ = {isa = PBXFileReference; fileEncoding = 4; lastKnownFileType = sourcecode.c.c; name = ecc.c; path = ../../../../wolfssl/wolfcrypt/src/ecc.c; sourceTree = "<group>"; };
		3D68078B1C42D704000F0302 /* error.c */ = {isa = PBXFileReference; fileEncoding = 4; lastKnownFileType = sourcecode.c.c; name = error.c; path = ../../../../wolfssl/wolfcrypt/src/error.c; sourceTree = "<group>"; };
		3D68078C1C42D704000F0302 /* hash.c */ = {isa = PBXFileReference; fileEncoding = 4; lastKnownFileType = sourcecode.c.c; name = hash.c; path = ../../../../wolfssl/wolfcrypt/src/hash.c; sourceTree = "<group>"; };
		3D68078D1C42D704000F0302 /* hc128.c */ = {isa = PBXFileReference; fileEncoding = 4; lastKnownFileType = sourcecode.c.c; name = hc128.c; path = ../../../../wolfssl/wolfcrypt/src/hc128.c; sourceTree = "<group>"; };
		3D68078E1C42D704000F0302 /* hmac.c */ = {isa = PBXFileReference; fileEncoding = 4; lastKnownFileType = sourcecode.c.c; name = hmac.c; path = ../../../../wolfssl/wolfcrypt/src/hmac.c; sourceTree = "<group>"; };
		3D68078F1C42D704000F0302 /* integer.c */ = {isa = PBXFileReference; fileEncoding = 4; lastKnownFileType = sourcecode.c.c; name = integer.c; path = ../../../../wolfssl/wolfcrypt/src/integer.c; sourceTree = "<group>"; };
		3D6807901C42D704000F0302 /* logging.c */ = {isa = PBXFileReference; fileEncoding = 4; lastKnownFileType = sourcecode.c.c; name = logging.c; path = ../../../../wolfssl/wolfcrypt/src/logging.c; sourceTree = "<group>"; };
		3D6807911C42D704000F0302 /* md2.c */ = {isa = PBXFileReference; fileEncoding = 4; lastKnownFileType = sourcecode.c.c; name = md2.c; path = ../../../../wolfssl/wolfcrypt/src/md2.c; sourceTree = "<group>"; };
		3D6807921C42D704000F0302 /* md4.c */ = {isa = PBXFileReference; fileEncoding = 4; lastKnownFileType = sourcecode.c.c; name = md4.c; path = ../../../../wolfssl/wolfcrypt/src/md4.c; sourceTree = "<group>"; };
		3D6807931C42D704000F0302 /* md5.c */ = {isa = PBXFileReference; fileEncoding = 4; lastKnownFileType = sourcecode.c.c; name = md5.c; path = ../../../../wolfssl/wolfcrypt/src/md5.c; sourceTree = "<group>"; };
		3D6807941C42D704000F0302 /* memory.c */ = {isa = PBXFileReference; fileEncoding = 4; lastKnownFileType = sourcecode.c.c; name = memory.c; path = ../../../../wolfssl/wolfcrypt/src/memory.c; sourceTree = "<group>"; };
		3D6807951C42D704000F0302 /* misc.c */ = {isa = PBXFileReference; fileEncoding = 4; lastKnownFileType = sourcecode.c.c; name = misc.c; path = ../../../../wolfssl/wolfcrypt/src/misc.c; sourceTree = "<group>"; };
		3D6807961C42D704000F0302 /* pkcs7.c */ = {isa = PBXFileReference; fileEncoding = 4; lastKnownFileType = sourcecode.c.c; name = pkcs7.c; path = ../../../../wolfssl/wolfcrypt/src/pkcs7.c; sourceTree = "<group>"; };
		3D6807971C42D704000F0302 /* poly1305.c */ = {isa = PBXFileReference; fileEncoding = 4; lastKnownFileType = sourcecode.c.c; name = poly1305.c; path = ../../../../wolfssl/wolfcrypt/src/poly1305.c; sourceTree = "<group>"; };
		3D6807981C42D704000F0302 /* pwdbased.c */ = {isa = PBXFileReference; fileEncoding = 4; lastKnownFileType = sourcecode.c.c; name = pwdbased.c; path = ../../../../wolfssl/wolfcrypt/src/pwdbased.c; sourceTree = "<group>"; };
		3D6807991C42D704000F0302 /* rabbit.c */ = {isa = PBXFileReference; fileEncoding = 4; lastKnownFileType = sourcecode.c.c; name = rabbit.c; path = ../../../../wolfssl/wolfcrypt/src/rabbit.c; sourceTree = "<group>"; };
		3D68079A1C42D704000F0302 /* random.c */ = {isa = PBXFileReference; fileEncoding = 4; lastKnownFileType = sourcecode.c.c; name = random.c; path = ../../../../wolfssl/wolfcrypt/src/random.c; sourceTree = "<group>"; };
		3D68079B1C42D704000F0302 /* ripemd.c */ = {isa = PBXFileReference; fileEncoding = 4; lastKnownFileType = sourcecode.c.c; name = ripemd.c; path = ../../../../wolfssl/wolfcrypt/src/ripemd.c; sourceTree = "<group>"; };
		3D68079C1C42D704000F0302 /* rsa.c */ = {isa = PBXFileReference; fileEncoding = 4; lastKnownFileType = sourcecode.c.c; name = rsa.c; path = ../../../../wolfssl/wolfcrypt/src/rsa.c; sourceTree = "<group>"; };
		3D68079D1C42D704000F0302 /* sha.c */ = {isa = PBXFileReference; fileEncoding = 4; lastKnownFileType = sourcecode.c.c; name = sha.c; path = ../../../../wolfssl/wolfcrypt/src/sha.c; sourceTree = "<group>"; };
		3D68079E1C42D704000F0302 /* sha256.c */ = {isa = PBXFileReference; fileEncoding = 4; lastKnownFileType = sourcecode.c.c; name = sha256.c; path = ../../../../wolfssl/wolfcrypt/src/sha256.c; sourceTree = "<group>"; };
		3D68079F1C42D704000F0302 /* sha512.c */ = {isa = PBXFileReference; fileEncoding = 4; lastKnownFileType = sourcecode.c.c; name = sha512.c; path = ../../../../wolfssl/wolfcrypt/src/sha512.c; sourceTree = "<group>"; };
		3D6807A01C42D704000F0302 /* tfm.c */ = {isa = PBXFileReference; fileEncoding = 4; lastKnownFileType = sourcecode.c.c; name = tfm.c; path = ../../../../wolfssl/wolfcrypt/src/tfm.c; sourceTree = "<group>"; };
		3D6807A11C42D704000F0302 /* wc_encrypt.c */ = {isa = PBXFileReference; fileEncoding = 4; lastKnownFileType = sourcecode.c.c; name = wc_encrypt.c; path = ../../../../wolfssl/wolfcrypt/src/wc_encrypt.c; sourceTree = "<group>"; };
		3D6807A21C42D704000F0302 /* wc_port.c */ = {isa = PBXFileReference; fileEncoding = 4; lastKnownFileType = sourcecode.c.c; name = wc_port.c; path = ../../../../wolfssl/wolfcrypt/src/wc_port.c; sourceTree = "<group>"; };
		3D7450B11AAF90C800AA32A3 /* FCClassMethodWrapper.h */ = {isa = PBXFileReference; lastKnownFileType = sourcecode.c.h; name = FCClassMethodWrapper.h; path = ../../../../src/FCClassMethodWrapper.h; sourceTree = "<group>"; };
		3D7450B21AAF90D400AA32A3 /* FCClient.cpp */ = {isa = PBXFileReference; fileEncoding = 4; lastKnownFileType = sourcecode.cpp.cpp; name = FCClient.cpp; path = ../../../../src/FCClient.cpp; sourceTree = "<group>"; };
		3D7450B41AAF90DC00AA32A3 /* FCError.cpp */ = {isa = PBXFileReference; fileEncoding = 4; lastKnownFileType = sourcecode.cpp.cpp; name = FCError.cpp; path = ../../../../src/FCError.cpp; sourceTree = "<group>"; };
		3D7450B61AAF90E800AA32A3 /* FCJsonUtils.h */ = {isa = PBXFileReference; lastKnownFileType = sourcecode.c.h; name = FCJsonUtils.h; path = ../../../../src/FCJsonUtils.h; sourceTree = "<group>"; };
		3D7450B71AAF90EE00AA32A3 /* FCJsonUtils.cpp */ = {isa = PBXFileReference; fileEncoding = 4; lastKnownFileType = sourcecode.cpp.cpp; name = FCJsonUtils.cpp; path = ../../../../src/FCJsonUtils.cpp; sourceTree = "<group>"; };
		3D7450B91AAF90F600AA32A3 /* FCMessage.cpp */ = {isa = PBXFileReference; fileEncoding = 4; lastKnownFileType = sourcecode.cpp.cpp; name = FCMessage.cpp; path = ../../../../src/FCMessage.cpp; sourceTree = "<group>"; };
		3D7450BB1AAF911500AA32A3 /* FCTransport.cpp */ = {isa = PBXFileReference; fileEncoding = 4; lastKnownFileType = sourcecode.cpp.cpp; name = FCTransport.cpp; path = ../../../../src/FCTransport.cpp; sourceTree = "<group>"; };
		3D7450BC1AAF911500AA32A3 /* FCTransport.h */ = {isa = PBXFileReference; fileEncoding = 4; lastKnownFileType = sourcecode.c.h; name = FCTransport.h; path = ../../../../src/FCTransport.h; sourceTree = "<group>"; };
		3D7450BD1AAF911500AA32A3 /* FCWebSocket.cpp */ = {isa = PBXFileReference; fileEncoding = 4; lastKnownFileType = sourcecode.cpp.cpp; name = FCWebSocket.cpp; path = ../../../../src/FCWebSocket.cpp; sourceTree = "<group>"; };
		3D7450BE1AAF911500AA32A3 /* FCWebSocket.h */ = {isa = PBXFileReference; fileEncoding = 4; lastKnownFileType = sourcecode.c.h; name = FCWebSocket.h; path = ../../../../src/FCWebSocket.h; sourceTree = "<group>"; };
		3DAD75F81A32F8900054F999 /* alloc.c */ = {isa = PBXFileReference; fileEncoding = 4; lastKnownFileType = sourcecode.c.c; name = alloc.c; path = ../../../../libwebsockets/lib/alloc.c; sourceTree = "<group>"; };
		3DB6DCD11B847B0A00B0333C /* test_fayecpp_variantmessage.cpp */ = {isa = PBXFileReference; fileEncoding = 4; lastKnownFileType = sourcecode.cpp.cpp; name = test_fayecpp_variantmessage.cpp; path = ../../../../test/test_fayecpp_variantmessage.cpp; sourceTree = "<group>"; };
		3DE39A3C1A92247C00038C5A /* FayeCpp.bundle */ = {isa = PBXFileReference; lastKnownFileType = "wrapper.plug-in"; name = FayeCpp.bundle; path = ../../../../contrib/objc/FayeCpp.bundle; sourceTree = "<group>"; };
		3DE39A3E1A9224C400038C5A /* ru */ = {isa = PBXFileReference; lastKnownFileType = text.plist.strings; name = ru; path = ru.lproj/MainMenu.strings; sourceTree = "<group>"; };
		3DE39A3F1A9224C400038C5A /* ru */ = {isa = PBXFileReference; lastKnownFileType = text.plist.strings; name = ru; path = ru.lproj/InfoPlist.strings; sourceTree = "<group>"; };
		3DE39A401A9224C400038C5A /* ru */ = {isa = PBXFileReference; lastKnownFileType = text.rtf; name = ru; path = ru.lproj/Credits.rtf; sourceTree = "<group>"; };
		3DEE58771AEFC11600BA5B77 /* header.c */ = {isa = PBXFileReference; fileEncoding = 4; lastKnownFileType = sourcecode.c.c; name = header.c; path = ../../../../libwebsockets/lib/header.c; sourceTree = "<group>"; };
/* End PBXFileReference section */

/* Begin PBXFrameworksBuildPhase section */
		3D08306C1987C9D80038CD79 /* Frameworks */ = {
			isa = PBXFrameworksBuildPhase;
			buildActionMask = 2147483647;
			files = (
				3D0831281987CE280038CD79 /* libcrypto.dylib in Frameworks */,
				3D08311C1987CC020038CD79 /* libz.dylib in Frameworks */,
				3D0830731987C9D80038CD79 /* Cocoa.framework in Frameworks */,
			);
			runOnlyForDeploymentPostprocessing = 0;
		};
		3D68075B1C42D2BC000F0302 /* Frameworks */ = {
			isa = PBXFrameworksBuildPhase;
			buildActionMask = 2147483647;
			files = (
				3D68075C1C42D2BC000F0302 /* libcrypto.dylib in Frameworks */,
				3D68075E1C42D2BC000F0302 /* libz.dylib in Frameworks */,
				3D68075F1C42D2BC000F0302 /* Cocoa.framework in Frameworks */,
			);
			runOnlyForDeploymentPostprocessing = 0;
		};
/* End PBXFrameworksBuildPhase section */

/* Begin PBXGroup section */
		3D0830661987C9D80038CD79 = {
			isa = PBXGroup;
			children = (
				3D0830781987C9D80038CD79 /* test_mac */,
				3D0830711987C9D80038CD79 /* Frameworks */,
				3D0830701987C9D80038CD79 /* Products */,
				3D68076A1C42D2BC000F0302 /* test_mac copy-Info.plist */,
			);
			sourceTree = "<group>";
		};
		3D0830701987C9D80038CD79 /* Products */ = {
			isa = PBXGroup;
			children = (
				3D08306F1987C9D80038CD79 /* test_mac.app */,
				3D6807691C42D2BC000F0302 /* test_mac_wolfssl.app */,
			);
			name = Products;
			sourceTree = "<group>";
		};
		3D0830711987C9D80038CD79 /* Frameworks */ = {
			isa = PBXGroup;
			children = (
				3D0831271987CE280038CD79 /* libcrypto.dylib */,
				3D08311B1987CC020038CD79 /* libz.dylib */,
				3D0830721987C9D80038CD79 /* Cocoa.framework */,
				3D0830911987C9D90038CD79 /* XCTest.framework */,
				3D0830741987C9D80038CD79 /* Other Frameworks */,
			);
			name = Frameworks;
			sourceTree = "<group>";
		};
		3D0830741987C9D80038CD79 /* Other Frameworks */ = {
			isa = PBXGroup;
			children = (
				3D0830751987C9D80038CD79 /* AppKit.framework */,
				3D0830761987C9D80038CD79 /* CoreData.framework */,
				3D0830771987C9D80038CD79 /* Foundation.framework */,
			);
			name = "Other Frameworks";
			sourceTree = "<group>";
		};
		3D0830781987C9D80038CD79 /* test_mac */ = {
			isa = PBXGroup;
			children = (
				3D0830E41987CB390038CD79 /* fayecpp */,
				3D68076B1C42D358000F0302 /* wolfssl */,
				3D0830CD1987CB250038CD79 /* jansson */,
				3D0830A61987CA030038CD79 /* libwebsockets */,
				3D0830A71987CB070038CD79 /* fayecpp_config.h */,
				3D0830A81987CB070038CD79 /* jansson_config.h */,
				3D0830A91987CB070038CD79 /* jansson_private_config.h */,
				3D0830AA1987CB070038CD79 /* lws_config.h */,
				3D26F46D1C3E89D1006ED0AE /* lws_config_private.h */,
				3D0830841987C9D80038CD79 /* AppDelegate.h */,
				3D0830851987C9D80038CD79 /* AppDelegate.mm */,
				3D0830871987C9D90038CD79 /* MainMenu.xib */,
				3D08308A1987C9D90038CD79 /* Images.xcassets */,
				3D0830791987C9D80038CD79 /* Supporting Files */,
			);
			path = test_mac;
			sourceTree = "<group>";
		};
		3D0830791987C9D80038CD79 /* Supporting Files */ = {
			isa = PBXGroup;
			children = (
				3D08307A1987C9D80038CD79 /* test_mac-Info.plist */,
				3D08307B1987C9D80038CD79 /* InfoPlist.strings */,
				3D08307E1987C9D80038CD79 /* main.m */,
				3D0830801987C9D80038CD79 /* test_mac-Prefix.pch */,
				3D0830811987C9D80038CD79 /* Credits.rtf */,
			);
			name = "Supporting Files";
			sourceTree = "<group>";
		};
		3D0830A61987CA030038CD79 /* libwebsockets */ = {
			isa = PBXGroup;
			children = (
				3D0830AB1987CB160038CD79 /* base64-decode.c */,
				3D0830AC1987CB160038CD79 /* client-handshake.c */,
				3D0830AD1987CB160038CD79 /* client-parser.c */,
				3D0830AE1987CB160038CD79 /* client.c */,
				3D0830AF1987CB160038CD79 /* context.c */,
				3D0855411C4697F600B53963 /* extension-permessage-deflate.c */,
				3D0830B21987CB160038CD79 /* extension.c */,
				3D0830B41987CB160038CD79 /* handshake.c */,
				3DEE58771AEFC11600BA5B77 /* header.c */,
				3D0830B51987CB160038CD79 /* libwebsockets.c */,
				3D0830B61987CB160038CD79 /* lws-plat-unix.c */,
				3D0830B71987CB160038CD79 /* output.c */,
				3D0830B81987CB160038CD79 /* parsers.c */,
				3D0830B91987CB160038CD79 /* pollfd.c */,
				3D0830BA1987CB160038CD79 /* service.c */,
				3D0830BB1987CB160038CD79 /* sha-1.c */,
				3D0831211987CD8A0038CD79 /* ssl.c */,
				3D0831231987CDE30038CD79 /* server-handshake.c */,
				3D0831241987CDE30038CD79 /* server.c */,
				3DAD75F81A32F8900054F999 /* alloc.c */,
			);
			name = libwebsockets;
			sourceTree = "<group>";
		};
		3D0830CD1987CB250038CD79 /* jansson */ = {
			isa = PBXGroup;
			children = (
				3D0830CE1987CB2D0038CD79 /* dump.c */,
				3D0830CF1987CB2D0038CD79 /* error.c */,
				3D0830D01987CB2D0038CD79 /* hashtable.c */,
				3D0830D11987CB2D0038CD79 /* hashtable_seed.c */,
				3D0830D21987CB2D0038CD79 /* load.c */,
				3D0830D31987CB2D0038CD79 /* memory.c */,
				3D0830D41987CB2D0038CD79 /* pack_unpack.c */,
				3D0830D51987CB2D0038CD79 /* strbuffer.c */,
				3D0830D61987CB2D0038CD79 /* strconv.c */,
				3D0830D71987CB2D0038CD79 /* utf.c */,
				3D0830D81987CB2D0038CD79 /* value.c */,
			);
			name = jansson;
			sourceTree = "<group>";
		};
		3D0830E41987CB390038CD79 /* fayecpp */ = {
			isa = PBXGroup;
			children = (
				3DE39A3C1A92247C00038C5A /* FayeCpp.bundle */,
				3D3045DF19EE857D00D8B163 /* test */,
				3D0831171987CB570038CD79 /* fayecpp.h */,
				3D0831181987CB570038CD79 /* FayeCppClient.h */,
				3D0831191987CB570038CD79 /* FayeCppClient.mm */,
				3D0830E51987CB410038CD79 /* src */,
			);
			name = fayecpp;
			sourceTree = "<group>";
		};
		3D0830E51987CB410038CD79 /* src */ = {
			isa = PBXGroup;
			children = (
				3D26F46E1C3E9166006ED0AE /* FCAdvice.cpp */,
				3D7450B21AAF90D400AA32A3 /* FCClient.cpp */,
				3D7450B41AAF90DC00AA32A3 /* FCError.cpp */,
				3D7450B91AAF90F600AA32A3 /* FCMessage.cpp */,
				3D7450BC1AAF911500AA32A3 /* FCTransport.h */,
				3D7450BB1AAF911500AA32A3 /* FCTransport.cpp */,
				3D7450BE1AAF911500AA32A3 /* FCWebSocket.h */,
				3D7450BD1AAF911500AA32A3 /* FCWebSocket.cpp */,
				3D7450B11AAF90C800AA32A3 /* FCClassMethodWrapper.h */,
				3D7450B61AAF90E800AA32A3 /* FCJsonUtils.h */,
				3D7450B71AAF90EE00AA32A3 /* FCJsonUtils.cpp */,
				3D26F4711C3ED594006ED0AE /* REThreadingPrivate.h */,
				3D26F4701C3ED594006ED0AE /* REThreadingPrivate.cpp */,
				3D0830E61987CB4E0038CD79 /* RELog.cpp */,
				3D0830ED1987CB4E0038CD79 /* REBuffer.cpp */,
				3D0830EE1987CB4E0038CD79 /* REBufferNoCopy.cpp */,
				3D0830EF1987CB4E0038CD79 /* REMutableString.cpp */,
				3D0830F21987CB4E0038CD79 /* REStaticString.cpp */,
				3D0830F31987CB4E0038CD79 /* REString.cpp */,
				3D0830F41987CB4E0038CD79 /* REStringBase.cpp */,
				3D0830F51987CB4E0038CD79 /* REStringList.cpp */,
				3D0830F71987CB4E0038CD79 /* REStringUtilsPrivate.h */,
				3D0830F61987CB4E0038CD79 /* REStringUtilsPrivate.cpp */,
				3D0830FA1987CB4E0038CD79 /* REWideString.cpp */,
				3D0830FD1987CB4E0038CD79 /* REVariant.cpp */,
				3D0830FE1987CB4E0038CD79 /* REVariantList.cpp */,
				3D0830FF1987CB4E0038CD79 /* REVariantMap.cpp */,
			);
			name = src;
			sourceTree = "<group>";
		};
		3D3045DF19EE857D00D8B163 /* test */ = {
			isa = PBXGroup;
			children = (
				3DB6DCD11B847B0A00B0333C /* test_fayecpp_variantmessage.cpp */,
				3D3045E219EE88A600D8B163 /* test_fayecpp_init.cpp */,
				3D3045E019EE859300D8B163 /* test_fayecpp_header.cpp */,
				3D2739F01AAE0F0B00317CA3 /* test_fayecpp_connect.cpp */,
			);
			name = test;
			sourceTree = "<group>";
		};
		3D68076B1C42D358000F0302 /* wolfssl */ = {
			isa = PBXGroup;
			children = (
				3D68077E1C42D5D6000F0302 /* config.h */,
				3D68076C1C42D3AF000F0302 /* wolfSSL */,
				3D68077F1C42D682000F0302 /* wolfCrypt */,
			);
			name = wolfssl;
			sourceTree = "<group>";
		};
		3D68076C1C42D3AF000F0302 /* wolfSSL */ = {
			isa = PBXGroup;
			children = (
				3D68076D1C42D3BA000F0302 /* crl.c */,
				3D68076E1C42D3BA000F0302 /* internal.c */,
				3D68076F1C42D3BA000F0302 /* io.c */,
				3D6807701C42D3BA000F0302 /* keys.c */,
				3D6807711C42D3BA000F0302 /* ocsp.c */,
				3D6807721C42D3BA000F0302 /* sniffer.c */,
				3D6807731C42D3BA000F0302 /* ssl.c */,
				3D6807741C42D3BA000F0302 /* tls.c */,
			);
			name = wolfSSL;
			sourceTree = "<group>";
		};
		3D68077F1C42D682000F0302 /* wolfCrypt */ = {
			isa = PBXGroup;
			children = (
				3D6807801C42D704000F0302 /* aes.c */,
				3D6807811C42D704000F0302 /* arc4.c */,
				3D6807821C42D704000F0302 /* asn.c */,
				3D6807831C42D704000F0302 /* blake2b.c */,
				3D6807841C42D704000F0302 /* camellia.c */,
				3D6807851C42D704000F0302 /* chacha.c */,
				3D6807861C42D704000F0302 /* coding.c */,
				3D6807871C42D704000F0302 /* des3.c */,
				3D6807881C42D704000F0302 /* dh.c */,
				3D6807891C42D704000F0302 /* dsa.c */,
				3D68078A1C42D704000F0302 /* ecc.c */,
				3D68078B1C42D704000F0302 /* error.c */,
				3D68078C1C42D704000F0302 /* hash.c */,
				3D68078D1C42D704000F0302 /* hc128.c */,
				3D68078E1C42D704000F0302 /* hmac.c */,
				3D68078F1C42D704000F0302 /* integer.c */,
				3D6807901C42D704000F0302 /* logging.c */,
				3D6807911C42D704000F0302 /* md2.c */,
				3D6807921C42D704000F0302 /* md4.c */,
				3D6807931C42D704000F0302 /* md5.c */,
				3D6807941C42D704000F0302 /* memory.c */,
				3D6807951C42D704000F0302 /* misc.c */,
				3D6807961C42D704000F0302 /* pkcs7.c */,
				3D6807971C42D704000F0302 /* poly1305.c */,
				3D6807981C42D704000F0302 /* pwdbased.c */,
				3D6807991C42D704000F0302 /* rabbit.c */,
				3D68079A1C42D704000F0302 /* random.c */,
				3D68079B1C42D704000F0302 /* ripemd.c */,
				3D68079C1C42D704000F0302 /* rsa.c */,
				3D68079D1C42D704000F0302 /* sha.c */,
				3D68079E1C42D704000F0302 /* sha256.c */,
				3D68079F1C42D704000F0302 /* sha512.c */,
				3D6807A01C42D704000F0302 /* tfm.c */,
				3D6807A11C42D704000F0302 /* wc_encrypt.c */,
				3D6807A21C42D704000F0302 /* wc_port.c */,
			);
			name = wolfCrypt;
			sourceTree = "<group>";
		};
/* End PBXGroup section */

/* Begin PBXNativeTarget section */
		3D08306E1987C9D80038CD79 /* test_mac */ = {
			isa = PBXNativeTarget;
			buildConfigurationList = 3D0830A01987C9D90038CD79 /* Build configuration list for PBXNativeTarget "test_mac" */;
			buildPhases = (
				3D08306B1987C9D80038CD79 /* Sources */,
				3D08306C1987C9D80038CD79 /* Frameworks */,
				3D08306D1987C9D80038CD79 /* Resources */,
			);
			buildRules = (
			);
			dependencies = (
			);
			name = test_mac;
			productName = test_mac;
			productReference = 3D08306F1987C9D80038CD79 /* test_mac.app */;
			productType = "com.apple.product-type.application";
		};
		3D6807231C42D2BC000F0302 /* test_mac_wolfssl */ = {
			isa = PBXNativeTarget;
			buildConfigurationList = 3D6807661C42D2BC000F0302 /* Build configuration list for PBXNativeTarget "test_mac_wolfssl" */;
			buildPhases = (
				3D6807241C42D2BC000F0302 /* Sources */,
				3D68075B1C42D2BC000F0302 /* Frameworks */,
				3D6807601C42D2BC000F0302 /* Resources */,
			);
			buildRules = (
			);
			dependencies = (
			);
			name = test_mac_wolfssl;
			productName = test_mac;
			productReference = 3D6807691C42D2BC000F0302 /* test_mac_wolfssl.app */;
			productType = "com.apple.product-type.application";
		};
/* End PBXNativeTarget section */

/* Begin PBXProject section */
		3D0830671987C9D80038CD79 /* Project object */ = {
			isa = PBXProject;
			attributes = {
				LastUpgradeCheck = 0600;
				ORGANIZATIONNAME = re;
			};
			buildConfigurationList = 3D08306A1987C9D80038CD79 /* Build configuration list for PBXProject "test_mac" */;
			compatibilityVersion = "Xcode 3.2";
			developmentRegion = English;
			hasScannedForEncodings = 0;
			knownRegions = (
				en,
				Base,
				ru,
			);
			mainGroup = 3D0830661987C9D80038CD79;
			productRefGroup = 3D0830701987C9D80038CD79 /* Products */;
			projectDirPath = "";
			projectRoot = "";
			targets = (
				3D08306E1987C9D80038CD79 /* test_mac */,
				3D6807231C42D2BC000F0302 /* test_mac_wolfssl */,
			);
		};
/* End PBXProject section */

/* Begin PBXResourcesBuildPhase section */
		3D08306D1987C9D80038CD79 /* Resources */ = {
			isa = PBXResourcesBuildPhase;
			buildActionMask = 2147483647;
			files = (
				3D08307D1987C9D80038CD79 /* InfoPlist.strings in Resources */,
				3D08308B1987C9D90038CD79 /* Images.xcassets in Resources */,
				3DE39A3D1A92247C00038C5A /* FayeCpp.bundle in Resources */,
				3D0830831987C9D80038CD79 /* Credits.rtf in Resources */,
				3D0830891987C9D90038CD79 /* MainMenu.xib in Resources */,
			);
			runOnlyForDeploymentPostprocessing = 0;
		};
		3D6807601C42D2BC000F0302 /* Resources */ = {
			isa = PBXResourcesBuildPhase;
			buildActionMask = 2147483647;
			files = (
				3D6807611C42D2BC000F0302 /* InfoPlist.strings in Resources */,
				3D6807621C42D2BC000F0302 /* Images.xcassets in Resources */,
				3D6807631C42D2BC000F0302 /* FayeCpp.bundle in Resources */,
				3D6807641C42D2BC000F0302 /* Credits.rtf in Resources */,
				3D6807651C42D2BC000F0302 /* MainMenu.xib in Resources */,
			);
			runOnlyForDeploymentPostprocessing = 0;
		};
/* End PBXResourcesBuildPhase section */

/* Begin PBXSourcesBuildPhase section */
		3D08306B1987C9D80038CD79 /* Sources */ = {
			isa = PBXSourcesBuildPhase;
			buildActionMask = 2147483647;
			files = (
				3D08310D1987CB4E0038CD79 /* REStringBase.cpp in Sources */,
				3D0830C81987CB160038CD79 /* output.c in Sources */,
				3D08310B1987CB4E0038CD79 /* REStaticString.cpp in Sources */,
				3D85BCC219F3DEA70057DAEC /* AppDelegate.mm in Sources */,
				3D7450BA1AAF90F600AA32A3 /* FCMessage.cpp in Sources */,
				3D0831071987CB4E0038CD79 /* REBuffer.cpp in Sources */,
				3D0830CB1987CB160038CD79 /* service.c in Sources */,
				3D0830DA1987CB2D0038CD79 /* error.c in Sources */,
				3D0830C71987CB160038CD79 /* lws-plat-unix.c in Sources */,
				3D0830C61987CB160038CD79 /* libwebsockets.c in Sources */,
				3DEE58781AEFC11600BA5B77 /* header.c in Sources */,
				3D7450C01AAF911500AA32A3 /* FCWebSocket.cpp in Sources */,
				3D0830D91987CB2D0038CD79 /* dump.c in Sources */,
				3D0830DE1987CB2D0038CD79 /* memory.c in Sources */,
				3D7450B31AAF90D400AA32A3 /* FCClient.cpp in Sources */,
				3D0830DD1987CB2D0038CD79 /* load.c in Sources */,
				3D7450B51AAF90DC00AA32A3 /* FCError.cpp in Sources */,
				3D0830C31987CB160038CD79 /* extension.c in Sources */,
				3D08311A1987CB570038CD79 /* FayeCppClient.mm in Sources */,
				3D7450BF1AAF911500AA32A3 /* FCTransport.cpp in Sources */,
				3D0830DB1987CB2D0038CD79 /* hashtable.c in Sources */,
				3D08310F1987CB4E0038CD79 /* REStringUtilsPrivate.cpp in Sources */,
				3D26F4721C3ED594006ED0AE /* REThreadingPrivate.cpp in Sources */,
				3D0830E01987CB2D0038CD79 /* strbuffer.c in Sources */,
				3D0855431C4697F600B53963 /* extension-permessage-deflate.c in Sources */,
				3D0831111987CB4E0038CD79 /* REWideString.cpp in Sources */,
				3DA1CAC71B943893003A9064 /* main.m in Sources */,
				3D0831081987CB4E0038CD79 /* REBufferNoCopy.cpp in Sources */,
				3D0830E31987CB2D0038CD79 /* value.c in Sources */,
				3D0831021987CB4E0038CD79 /* RELog.cpp in Sources */,
				3D0830BE1987CB160038CD79 /* client-parser.c in Sources */,
				3D0831091987CB4E0038CD79 /* REMutableString.cpp in Sources */,
				3D0830CC1987CB160038CD79 /* sha-1.c in Sources */,
				3D0830DC1987CB2D0038CD79 /* hashtable_seed.c in Sources */,
				3D0831141987CB4E0038CD79 /* REVariantList.cpp in Sources */,
				3DAD75F91A32F8900054F999 /* alloc.c in Sources */,
				3D08310E1987CB4E0038CD79 /* REStringList.cpp in Sources */,
				3D0831131987CB4E0038CD79 /* REVariant.cpp in Sources */,
				3D0830E21987CB2D0038CD79 /* utf.c in Sources */,
				3D08310C1987CB4E0038CD79 /* REString.cpp in Sources */,
				3D0830BF1987CB160038CD79 /* client.c in Sources */,
				3D0830C91987CB160038CD79 /* parsers.c in Sources */,
				3D0830CA1987CB160038CD79 /* pollfd.c in Sources */,
				3D0830E11987CB2D0038CD79 /* strconv.c in Sources */,
				3D0830C51987CB160038CD79 /* handshake.c in Sources */,
				3D7450B81AAF90EE00AA32A3 /* FCJsonUtils.cpp in Sources */,
				3D0831151987CB4E0038CD79 /* REVariantMap.cpp in Sources */,
				3D0830BC1987CB160038CD79 /* base64-decode.c in Sources */,
				3D0831251987CDE30038CD79 /* server-handshake.c in Sources */,
				3D26F46F1C3E9166006ED0AE /* FCAdvice.cpp in Sources */,
				3D0830C01987CB160038CD79 /* context.c in Sources */,
				3D0830BD1987CB160038CD79 /* client-handshake.c in Sources */,
				3D0830DF1987CB2D0038CD79 /* pack_unpack.c in Sources */,
			);
			runOnlyForDeploymentPostprocessing = 0;
		};
		3D6807241C42D2BC000F0302 /* Sources */ = {
			isa = PBXSourcesBuildPhase;
			buildActionMask = 2147483647;
			files = (
				3D6807DD1C42DAFF000F0302 /* pkcs7.c in Sources */,
				3D6807D51C42DAFF000F0302 /* hmac.c in Sources */,
				3D6807C91C42DAFF000F0302 /* asn.c in Sources */,
				3D6807C81C42DAFF000F0302 /* arc4.c in Sources */,
				3D6807761C42D3BA000F0302 /* internal.c in Sources */,
				3D6807D11C42DAFF000F0302 /* ecc.c in Sources */,
				3D6807E41C42DAFF000F0302 /* sha.c in Sources */,
				3D6807251C42D2BC000F0302 /* REStringBase.cpp in Sources */,
				3D6807261C42D2BC000F0302 /* output.c in Sources */,
				3D6807E61C42DAFF000F0302 /* sha512.c in Sources */,
				3D0855441C4697F600B53963 /* extension-permessage-deflate.c in Sources */,
				3D6807271C42D2BC000F0302 /* REStaticString.cpp in Sources */,
				3D6807281C42D2BC000F0302 /* AppDelegate.mm in Sources */,
				3D6807291C42D2BC000F0302 /* FCMessage.cpp in Sources */,
				3D6807D21C42DAFF000F0302 /* error.c in Sources */,
				3D68072A1C42D2BC000F0302 /* REBuffer.cpp in Sources */,
				3D68072B1C42D2BC000F0302 /* service.c in Sources */,
				3D6807D61C42DAFF000F0302 /* integer.c in Sources */,
				3D68072C1C42D2BC000F0302 /* error.c in Sources */,
				3D68072D1C42D2BC000F0302 /* lws-plat-unix.c in Sources */,
				3D68072E1C42D2BC000F0302 /* libwebsockets.c in Sources */,
				3D6807DE1C42DAFF000F0302 /* poly1305.c in Sources */,
				3D6807D31C42DAFF000F0302 /* hash.c in Sources */,
				3D68072F1C42D2BC000F0302 /* header.c in Sources */,
				3D6807DF1C42DAFF000F0302 /* pwdbased.c in Sources */,
				3D6807E91C42DAFF000F0302 /* wc_port.c in Sources */,
				3D6807301C42D2BC000F0302 /* FCWebSocket.cpp in Sources */,
				3D6807311C42D2BC000F0302 /* dump.c in Sources */,
				3D6807321C42D2BC000F0302 /* memory.c in Sources */,
				3D6807331C42D2BC000F0302 /* FCClient.cpp in Sources */,
				3D6807341C42D2BC000F0302 /* load.c in Sources */,
				3D6807E81C42DAFF000F0302 /* wc_encrypt.c in Sources */,
				3D6807351C42D2BC000F0302 /* FCError.cpp in Sources */,
				3D6807361C42D2BC000F0302 /* extension.c in Sources */,
				3D6807371C42D2BC000F0302 /* FayeCppClient.mm in Sources */,
				3D6807381C42D2BC000F0302 /* FCTransport.cpp in Sources */,
				3D6807DA1C42DAFF000F0302 /* md5.c in Sources */,
				3D68077C1C42D3BA000F0302 /* tls.c in Sources */,
				3D6807391C42D2BC000F0302 /* hashtable.c in Sources */,
				3D68073A1C42D2BC000F0302 /* REStringUtilsPrivate.cpp in Sources */,
				3D6807751C42D3BA000F0302 /* crl.c in Sources */,
				3D6807D71C42DAFF000F0302 /* logging.c in Sources */,
				3D68073C1C42D2BC000F0302 /* REThreadingPrivate.cpp in Sources */,
				3D68073D1C42D2BC000F0302 /* strbuffer.c in Sources */,
				3D68073F1C42D2BC000F0302 /* REWideString.cpp in Sources */,
				3D6807C61C42D84D000F0302 /* ssl.c in Sources */,
				3D6807CF1C42DAFF000F0302 /* dh.c in Sources */,
				3D6807401C42D2BC000F0302 /* main.m in Sources */,
				3D6807E51C42DAFF000F0302 /* sha256.c in Sources */,
				3D6807411C42D2BC000F0302 /* REBufferNoCopy.cpp in Sources */,
				3D6807421C42D2BC000F0302 /* value.c in Sources */,
				3D6807431C42D2BC000F0302 /* RELog.cpp in Sources */,
				3D6807441C42D2BC000F0302 /* client-parser.c in Sources */,
				3D6807451C42D2BC000F0302 /* REMutableString.cpp in Sources */,
				3D6807461C42D2BC000F0302 /* sha-1.c in Sources */,
				3D6807471C42D2BC000F0302 /* hashtable_seed.c in Sources */,
				3D6807E31C42DAFF000F0302 /* rsa.c in Sources */,
				3D6807481C42D2BC000F0302 /* REVariantList.cpp in Sources */,
				3D6807491C42D2BC000F0302 /* alloc.c in Sources */,
				3D68074A1C42D2BC000F0302 /* REStringList.cpp in Sources */,
				3D6807771C42D3BA000F0302 /* io.c in Sources */,
				3D6807781C42D3BA000F0302 /* keys.c in Sources */,
				3D68074B1C42D2BC000F0302 /* REVariant.cpp in Sources */,
				3D6807E11C42DAFF000F0302 /* random.c in Sources */,
				3D68077A1C42D3BA000F0302 /* sniffer.c in Sources */,
				3D68074C1C42D2BC000F0302 /* utf.c in Sources */,
				3D6807C71C42DAFF000F0302 /* aes.c in Sources */,
				3D6807CA1C42DAFF000F0302 /* blake2b.c in Sources */,
				3D68074D1C42D2BC000F0302 /* REString.cpp in Sources */,
				3D6807DC1C42DAFF000F0302 /* misc.c in Sources */,
				3D68074E1C42D2BC000F0302 /* client.c in Sources */,
				3D6807D01C42DAFF000F0302 /* dsa.c in Sources */,
				3D68074F1C42D2BC000F0302 /* parsers.c in Sources */,
				3D6807D41C42DAFF000F0302 /* hc128.c in Sources */,
				3D6807501C42D2BC000F0302 /* pollfd.c in Sources */,
				3D6807511C42D2BC000F0302 /* strconv.c in Sources */,
				3D6807D91C42DAFF000F0302 /* md4.c in Sources */,
				3D6807521C42D2BC000F0302 /* handshake.c in Sources */,
				3D6807531C42D2BC000F0302 /* FCJsonUtils.cpp in Sources */,
				3D6807541C42D2BC000F0302 /* REVariantMap.cpp in Sources */,
				3D6807E21C42DAFF000F0302 /* ripemd.c in Sources */,
				3D6807DB1C42DAFF000F0302 /* memory.c in Sources */,
				3D68077B1C42D3BA000F0302 /* ssl.c in Sources */,
				3D6807D81C42DAFF000F0302 /* md2.c in Sources */,
				3D6807551C42D2BC000F0302 /* base64-decode.c in Sources */,
				3D6807561C42D2BC000F0302 /* server-handshake.c in Sources */,
				3D6807571C42D2BC000F0302 /* FCAdvice.cpp in Sources */,
				3D6807E01C42DAFF000F0302 /* rabbit.c in Sources */,
				3D6807CB1C42DAFF000F0302 /* camellia.c in Sources */,
				3D6807CE1C42DAFF000F0302 /* des3.c in Sources */,
				3D6807581C42D2BC000F0302 /* context.c in Sources */,
				3D6807591C42D2BC000F0302 /* client-handshake.c in Sources */,
				3D6807CC1C42DAFF000F0302 /* chacha.c in Sources */,
				3D6807791C42D3BA000F0302 /* ocsp.c in Sources */,
				3D6807E71C42DAFF000F0302 /* tfm.c in Sources */,
				3D68075A1C42D2BC000F0302 /* pack_unpack.c in Sources */,
				3D6807CD1C42DAFF000F0302 /* coding.c in Sources */,
			);
			runOnlyForDeploymentPostprocessing = 0;
		};
/* End PBXSourcesBuildPhase section */

/* Begin PBXVariantGroup section */
		3D08307B1987C9D80038CD79 /* InfoPlist.strings */ = {
			isa = PBXVariantGroup;
			children = (
				3D08307C1987C9D80038CD79 /* en */,
				3DE39A3F1A9224C400038C5A /* ru */,
			);
			name = InfoPlist.strings;
			sourceTree = "<group>";
		};
		3D0830811987C9D80038CD79 /* Credits.rtf */ = {
			isa = PBXVariantGroup;
			children = (
				3D0830821987C9D80038CD79 /* en */,
				3DE39A401A9224C400038C5A /* ru */,
			);
			name = Credits.rtf;
			sourceTree = "<group>";
		};
		3D0830871987C9D90038CD79 /* MainMenu.xib */ = {
			isa = PBXVariantGroup;
			children = (
				3D0830881987C9D90038CD79 /* Base */,
				3DE39A3E1A9224C400038C5A /* ru */,
			);
			name = MainMenu.xib;
			sourceTree = "<group>";
		};
/* End PBXVariantGroup section */

/* Begin XCBuildConfiguration section */
		3D08309E1987C9D90038CD79 /* Debug */ = {
			isa = XCBuildConfiguration;
			buildSettings = {
				ALWAYS_SEARCH_USER_PATHS = YES;
				CLANG_CXX_LANGUAGE_STANDARD = "gnu++0x";
				CLANG_CXX_LIBRARY = "libc++";
				CLANG_ENABLE_MODULES = YES;
				CLANG_ENABLE_OBJC_ARC = YES;
				CLANG_WARN_BOOL_CONVERSION = YES;
				CLANG_WARN_CONSTANT_CONVERSION = YES;
				CLANG_WARN_DIRECT_OBJC_ISA_USAGE = YES_ERROR;
				CLANG_WARN_EMPTY_BODY = YES;
				CLANG_WARN_ENUM_CONVERSION = YES;
				CLANG_WARN_INT_CONVERSION = YES;
				CLANG_WARN_OBJC_ROOT_CLASS = YES_ERROR;
				CLANG_WARN__DUPLICATE_METHOD_MATCH = YES;
				COPY_PHASE_STRIP = NO;
				GCC_C_LANGUAGE_STANDARD = gnu99;
				GCC_DYNAMIC_NO_PIC = NO;
				GCC_ENABLE_OBJC_EXCEPTIONS = YES;
				GCC_OPTIMIZATION_LEVEL = 0;
				GCC_PREPROCESSOR_DEFINITIONS = (
					"DEBUG=1",
					"$(inherited)",
					"HAVE_FAYECPP_CONFIG_H=1",
					"HAVE_CONFIG_H=1",
					"CMAKE_BUILD=1",
					"FAYECPP_DEBUG_MESSAGES=1",
					"_DEBUG=1",
				);
				GCC_SYMBOLS_PRIVATE_EXTERN = NO;
				GCC_WARN_64_TO_32_BIT_CONVERSION = YES;
				GCC_WARN_ABOUT_RETURN_TYPE = YES_ERROR;
				GCC_WARN_UNDECLARED_SELECTOR = YES;
				GCC_WARN_UNINITIALIZED_AUTOS = YES_AGGRESSIVE;
				GCC_WARN_UNUSED_FUNCTION = YES;
				GCC_WARN_UNUSED_VARIABLE = YES;
				HEADER_SEARCH_PATHS = (
					"$(inherited)",
					/Applications/Xcode.app/Contents/Developer/Toolchains/XcodeDefault.xctoolchain/usr/include,
					../../../libwebsockets/lib/,
					../../../jansson/src/,
					../../../,
					../,
				);
				MACOSX_DEPLOYMENT_TARGET = 10.9;
				ONLY_ACTIVE_ARCH = YES;
				SDKROOT = macosx;
				VALID_ARCHS = x86_64;
			};
			name = Debug;
		};
		3D08309F1987C9D90038CD79 /* Release */ = {
			isa = XCBuildConfiguration;
			buildSettings = {
				ALWAYS_SEARCH_USER_PATHS = YES;
				CLANG_CXX_LANGUAGE_STANDARD = "gnu++0x";
				CLANG_CXX_LIBRARY = "libc++";
				CLANG_ENABLE_MODULES = YES;
				CLANG_ENABLE_OBJC_ARC = YES;
				CLANG_WARN_BOOL_CONVERSION = YES;
				CLANG_WARN_CONSTANT_CONVERSION = YES;
				CLANG_WARN_DIRECT_OBJC_ISA_USAGE = YES_ERROR;
				CLANG_WARN_EMPTY_BODY = YES;
				CLANG_WARN_ENUM_CONVERSION = YES;
				CLANG_WARN_INT_CONVERSION = YES;
				CLANG_WARN_OBJC_ROOT_CLASS = YES_ERROR;
				CLANG_WARN__DUPLICATE_METHOD_MATCH = YES;
				COPY_PHASE_STRIP = YES;
				DEBUG_INFORMATION_FORMAT = "dwarf-with-dsym";
				ENABLE_NS_ASSERTIONS = NO;
				GCC_C_LANGUAGE_STANDARD = gnu99;
				GCC_ENABLE_OBJC_EXCEPTIONS = YES;
				GCC_PREPROCESSOR_DEFINITIONS = (
					"$(inherited)",
					"HAVE_FAYECPP_CONFIG_H=1",
					"HAVE_CONFIG_H=1",
					"CMAKE_BUILD=1",
					"FAYECPP_DEBUG_MESSAGES=1",
				);
				GCC_WARN_64_TO_32_BIT_CONVERSION = YES;
				GCC_WARN_ABOUT_RETURN_TYPE = YES_ERROR;
				GCC_WARN_UNDECLARED_SELECTOR = YES;
				GCC_WARN_UNINITIALIZED_AUTOS = YES_AGGRESSIVE;
				GCC_WARN_UNUSED_FUNCTION = YES;
				GCC_WARN_UNUSED_VARIABLE = YES;
				HEADER_SEARCH_PATHS = (
					"$(inherited)",
					/Applications/Xcode.app/Contents/Developer/Toolchains/XcodeDefault.xctoolchain/usr/include,
					../../../libwebsockets/lib/,
					../../../jansson/src/,
					../../../,
					../,
				);
				MACOSX_DEPLOYMENT_TARGET = 10.9;
				SDKROOT = macosx;
				VALID_ARCHS = x86_64;
			};
			name = Release;
		};
		3D0830A11987C9D90038CD79 /* Debug */ = {
			isa = XCBuildConfiguration;
			buildSettings = {
				ASSETCATALOG_COMPILER_APPICON_NAME = AppIcon;
				COMBINE_HIDPI_IMAGES = YES;
				GCC_PRECOMPILE_PREFIX_HEADER = YES;
				GCC_PREFIX_HEADER = "test_mac/test_mac-Prefix.pch";
				INFOPLIST_FILE = "test_mac/test_mac-Info.plist";
				PRODUCT_NAME = "$(TARGET_NAME)";
				WRAPPER_EXTENSION = app;
			};
			name = Debug;
		};
		3D0830A21987C9D90038CD79 /* Release */ = {
			isa = XCBuildConfiguration;
			buildSettings = {
				ASSETCATALOG_COMPILER_APPICON_NAME = AppIcon;
				COMBINE_HIDPI_IMAGES = YES;
				GCC_PRECOMPILE_PREFIX_HEADER = YES;
				GCC_PREFIX_HEADER = "test_mac/test_mac-Prefix.pch";
				INFOPLIST_FILE = "test_mac/test_mac-Info.plist";
				PRODUCT_NAME = "$(TARGET_NAME)";
				WRAPPER_EXTENSION = app;
			};
			name = Release;
		};
		3D6807671C42D2BC000F0302 /* Debug */ = {
			isa = XCBuildConfiguration;
			buildSettings = {
				ASSETCATALOG_COMPILER_APPICON_NAME = AppIcon;
				COMBINE_HIDPI_IMAGES = YES;
				GCC_PRECOMPILE_PREFIX_HEADER = YES;
				GCC_PREFIX_HEADER = "test_mac/test_mac-Prefix.pch";
				GCC_PREPROCESSOR_DEFINITIONS = (
					"DEBUG=1",
					"$(inherited)",
					"HAVE_FAYECPP_CONFIG_H=1",
					"HAVE_CONFIG_H=1",
					"CMAKE_BUILD=1",
					"FAYECPP_DEBUG_MESSAGES=1",
					"_DEBUG=1",
					"LWS_OPENSSL_SUPPORT=1",
					"USE_WOLFSSL=1",
				);
				HEADER_SEARCH_PATHS = (
					"$(inherited)",
					/Applications/Xcode.app/Contents/Developer/Toolchains/XcodeDefault.xctoolchain/usr/include,
					../../../libwebsockets/lib/,
					../../../jansson/src/,
					../../../,
					../,
					../../../wolfssl/,
				);
				INFOPLIST_FILE = "test_mac_wolfssl/test_mac_wolfssl-Info.plist";
				PRODUCT_NAME = "$(TARGET_NAME)";
				WRAPPER_EXTENSION = app;
			};
			name = Debug;
		};
		3D6807681C42D2BC000F0302 /* Release */ = {
			isa = XCBuildConfiguration;
			buildSettings = {
				ASSETCATALOG_COMPILER_APPICON_NAME = AppIcon;
				COMBINE_HIDPI_IMAGES = YES;
				GCC_PRECOMPILE_PREFIX_HEADER = YES;
				GCC_PREFIX_HEADER = "test_mac/test_mac-Prefix.pch";
				GCC_PREPROCESSOR_DEFINITIONS = (
					"$(inherited)",
					"HAVE_FAYECPP_CONFIG_H=1",
					"HAVE_CONFIG_H=1",
					"CMAKE_BUILD=1",
					"FAYECPP_DEBUG_MESSAGES=1",
					"LWS_OPENSSL_SUPPORT=1",
					"USE_WOLFSSL=1",
				);
				HEADER_SEARCH_PATHS = (
					"$(inherited)",
					/Applications/Xcode.app/Contents/Developer/Toolchains/XcodeDefault.xctoolchain/usr/include,
					../../../libwebsockets/lib/,
					../../../jansson/src/,
					../../../,
					../,
					../../../wolfssl/,
				);
				INFOPLIST_FILE = "test_mac_wolfssl/test_mac_wolfssl-Info.plist";
				PRODUCT_NAME = "$(TARGET_NAME)";
				WRAPPER_EXTENSION = app;
			};
			name = Release;
		};
/* End XCBuildConfiguration section */

/* Begin XCConfigurationList section */
		3D08306A1987C9D80038CD79 /* Build configuration list for PBXProject "test_mac" */ = {
			isa = XCConfigurationList;
			buildConfigurations = (
				3D08309E1987C9D90038CD79 /* Debug */,
				3D08309F1987C9D90038CD79 /* Release */,
			);
			defaultConfigurationIsVisible = 0;
			defaultConfigurationName = Release;
		};
		3D0830A01987C9D90038CD79 /* Build configuration list for PBXNativeTarget "test_mac" */ = {
			isa = XCConfigurationList;
			buildConfigurations = (
				3D0830A11987C9D90038CD79 /* Debug */,
				3D0830A21987C9D90038CD79 /* Release */,
			);
			defaultConfigurationIsVisible = 0;
			defaultConfigurationName = Release;
		};
		3D6807661C42D2BC000F0302 /* Build configuration list for PBXNativeTarget "test_mac_wolfssl" */ = {
			isa = XCConfigurationList;
			buildConfigurations = (
				3D6807671C42D2BC000F0302 /* Debug */,
				3D6807681C42D2BC000F0302 /* Release */,
			);
			defaultConfigurationIsVisible = 0;
			defaultConfigurationName = Release;
		};
/* End XCConfigurationList section */
	};
	rootObject = 3D0830671987C9D80038CD79 /* Project object */;
}
