// !$*UTF8*$!
{
	archiveVersion = 1;
	classes = {
	};
	objectVersion = 46;
	objects = {

/* Begin PBXBuildFile section */
		3D12B482194AF31000B8E9D9 /* client.cpp in Sources */ = {isa = PBXBuildFile; fileRef = 3D12B467194AF31000B8E9D9 /* client.cpp */; };
		3D12B483194AF31000B8E9D9 /* jsonutils.cpp in Sources */ = {isa = PBXBuildFile; fileRef = 3D12B468194AF31000B8E9D9 /* jsonutils.cpp */; };
		3D12B484194AF31000B8E9D9 /* message.cpp in Sources */ = {isa = PBXBuildFile; fileRef = 3D12B46A194AF31000B8E9D9 /* message.cpp */; };
		3D12B485194AF31000B8E9D9 /* REBuffer.cpp in Sources */ = {isa = PBXBuildFile; fileRef = 3D12B46B194AF31000B8E9D9 /* REBuffer.cpp */; };
		3D12B486194AF31000B8E9D9 /* REBufferNoCopy.cpp in Sources */ = {isa = PBXBuildFile; fileRef = 3D12B46C194AF31000B8E9D9 /* REBufferNoCopy.cpp */; };
		3D12B487194AF31000B8E9D9 /* REMutableString.cpp in Sources */ = {isa = PBXBuildFile; fileRef = 3D12B46D194AF31000B8E9D9 /* REMutableString.cpp */; };
		3D12B489194AF31000B8E9D9 /* REStaticString.cpp in Sources */ = {isa = PBXBuildFile; fileRef = 3D12B470194AF31000B8E9D9 /* REStaticString.cpp */; };
		3D12B48A194AF31000B8E9D9 /* REString.cpp in Sources */ = {isa = PBXBuildFile; fileRef = 3D12B471194AF31000B8E9D9 /* REString.cpp */; };
		3D12B48B194AF31000B8E9D9 /* REStringBase.cpp in Sources */ = {isa = PBXBuildFile; fileRef = 3D12B472194AF31000B8E9D9 /* REStringBase.cpp */; };
		3D12B48C194AF31000B8E9D9 /* REStringList.cpp in Sources */ = {isa = PBXBuildFile; fileRef = 3D12B473194AF31000B8E9D9 /* REStringList.cpp */; };
		3D12B48D194AF31000B8E9D9 /* REStringUtilsPrivate.cpp in Sources */ = {isa = PBXBuildFile; fileRef = 3D12B474194AF31000B8E9D9 /* REStringUtilsPrivate.cpp */; };
		3D12B48F194AF31000B8E9D9 /* REWideString.cpp in Sources */ = {isa = PBXBuildFile; fileRef = 3D12B478194AF31000B8E9D9 /* REWideString.cpp */; };
		3D12B490194AF31000B8E9D9 /* transport.cpp in Sources */ = {isa = PBXBuildFile; fileRef = 3D12B479194AF31000B8E9D9 /* transport.cpp */; };
		3D12B494194AF31000B8E9D9 /* websocket.cpp in Sources */ = {isa = PBXBuildFile; fileRef = 3D12B47E194AF31000B8E9D9 /* websocket.cpp */; };
		3D50938B194D0AFF000EF310 /* RELog.cpp in Sources */ = {isa = PBXBuildFile; fileRef = 3D50938A194D0AFF000EF310 /* RELog.cpp */; };
		3D8CB880194898B400943B53 /* Foundation.framework in Frameworks */ = {isa = PBXBuildFile; fileRef = 3D8CB87F194898B400943B53 /* Foundation.framework */; };
		3D8CB8B71948994500943B53 /* base64-decode.c in Sources */ = {isa = PBXBuildFile; fileRef = 3D8CB8A61948994500943B53 /* base64-decode.c */; };
		3D8CB8B81948994500943B53 /* client-handshake.c in Sources */ = {isa = PBXBuildFile; fileRef = 3D8CB8A71948994500943B53 /* client-handshake.c */; };
		3D8CB8B91948994500943B53 /* client-parser.c in Sources */ = {isa = PBXBuildFile; fileRef = 3D8CB8A81948994500943B53 /* client-parser.c */; };
		3D8CB8BA1948994500943B53 /* client.c in Sources */ = {isa = PBXBuildFile; fileRef = 3D8CB8A91948994500943B53 /* client.c */; };
		3D8CB8BB1948994500943B53 /* context.c in Sources */ = {isa = PBXBuildFile; fileRef = 3D8CB8AA1948994500943B53 /* context.c */; };
		3D8CB8BC1948994500943B53 /* extension-deflate-frame.c in Sources */ = {isa = PBXBuildFile; fileRef = 3D8CB8AB1948994500943B53 /* extension-deflate-frame.c */; };
		3D8CB8BD1948994500943B53 /* extension-deflate-stream.c in Sources */ = {isa = PBXBuildFile; fileRef = 3D8CB8AC1948994500943B53 /* extension-deflate-stream.c */; };
		3D8CB8BE1948994500943B53 /* extension.c in Sources */ = {isa = PBXBuildFile; fileRef = 3D8CB8AD1948994500943B53 /* extension.c */; };
		3D8CB8C01948994500943B53 /* handshake.c in Sources */ = {isa = PBXBuildFile; fileRef = 3D8CB8AF1948994500943B53 /* handshake.c */; };
		3D8CB8C11948994500943B53 /* libwebsockets.c in Sources */ = {isa = PBXBuildFile; fileRef = 3D8CB8B01948994500943B53 /* libwebsockets.c */; };
		3D8CB8C21948994500943B53 /* lws-plat-unix.c in Sources */ = {isa = PBXBuildFile; fileRef = 3D8CB8B11948994500943B53 /* lws-plat-unix.c */; };
		3D8CB8C31948994500943B53 /* output.c in Sources */ = {isa = PBXBuildFile; fileRef = 3D8CB8B21948994500943B53 /* output.c */; };
		3D8CB8C41948994500943B53 /* parsers.c in Sources */ = {isa = PBXBuildFile; fileRef = 3D8CB8B31948994500943B53 /* parsers.c */; };
		3D8CB8C51948994500943B53 /* pollfd.c in Sources */ = {isa = PBXBuildFile; fileRef = 3D8CB8B41948994500943B53 /* pollfd.c */; };
		3D8CB8C61948994500943B53 /* service.c in Sources */ = {isa = PBXBuildFile; fileRef = 3D8CB8B51948994500943B53 /* service.c */; };
		3D8CB8C71948994500943B53 /* sha-1.c in Sources */ = {isa = PBXBuildFile; fileRef = 3D8CB8B61948994500943B53 /* sha-1.c */; };
		3D8CB8D41948996200943B53 /* dump.c in Sources */ = {isa = PBXBuildFile; fileRef = 3D8CB8C91948996200943B53 /* dump.c */; };
		3D8CB8D51948996200943B53 /* error.c in Sources */ = {isa = PBXBuildFile; fileRef = 3D8CB8CA1948996200943B53 /* error.c */; };
		3D8CB8D61948996200943B53 /* hashtable.c in Sources */ = {isa = PBXBuildFile; fileRef = 3D8CB8CB1948996200943B53 /* hashtable.c */; };
		3D8CB8D71948996200943B53 /* hashtable_seed.c in Sources */ = {isa = PBXBuildFile; fileRef = 3D8CB8CC1948996200943B53 /* hashtable_seed.c */; };
		3D8CB8D81948996200943B53 /* load.c in Sources */ = {isa = PBXBuildFile; fileRef = 3D8CB8CD1948996200943B53 /* load.c */; };
		3D8CB8D91948996200943B53 /* memory.c in Sources */ = {isa = PBXBuildFile; fileRef = 3D8CB8CE1948996200943B53 /* memory.c */; };
		3D8CB8DA1948996200943B53 /* pack_unpack.c in Sources */ = {isa = PBXBuildFile; fileRef = 3D8CB8CF1948996200943B53 /* pack_unpack.c */; };
		3D8CB8DB1948996200943B53 /* strbuffer.c in Sources */ = {isa = PBXBuildFile; fileRef = 3D8CB8D01948996200943B53 /* strbuffer.c */; };
		3D8CB8DC1948996200943B53 /* strconv.c in Sources */ = {isa = PBXBuildFile; fileRef = 3D8CB8D11948996200943B53 /* strconv.c */; };
		3D8CB8DD1948996200943B53 /* utf.c in Sources */ = {isa = PBXBuildFile; fileRef = 3D8CB8D21948996200943B53 /* utf.c */; };
		3D8CB8DE1948996200943B53 /* value.c in Sources */ = {isa = PBXBuildFile; fileRef = 3D8CB8D31948996200943B53 /* value.c */; };
		3DA2A4BB196601C7002B7C09 /* FayeCppClient.mm in Sources */ = {isa = PBXBuildFile; fileRef = 3DA2A4BA196601C7002B7C09 /* FayeCppClient.mm */; };
		3DAD75FD1A32FEA40054F999 /* alloc.c in Sources */ = {isa = PBXBuildFile; fileRef = 3DAD75FC1A32FEA40054F999 /* alloc.c */; };
		3DF2CAFB1A496715003005FC /* REVariant.cpp in Sources */ = {isa = PBXBuildFile; fileRef = 3DF2CAF81A496715003005FC /* REVariant.cpp */; };
		3DF2CAFC1A496715003005FC /* REVariantList.cpp in Sources */ = {isa = PBXBuildFile; fileRef = 3DF2CAF91A496715003005FC /* REVariantList.cpp */; };
		3DF2CAFD1A496715003005FC /* REVariantMap.cpp in Sources */ = {isa = PBXBuildFile; fileRef = 3DF2CAFA1A496715003005FC /* REVariantMap.cpp */; };
/* End PBXBuildFile section */

/* Begin PBXCopyFilesBuildPhase section */
		3D8CB87A194898B400943B53 /* CopyFiles */ = {
			isa = PBXCopyFilesBuildPhase;
			buildActionMask = 2147483647;
			dstPath = "include/$(PRODUCT_NAME)";
			dstSubfolderSpec = 16;
			files = (
			);
			runOnlyForDeploymentPostprocessing = 0;
		};
/* End PBXCopyFilesBuildPhase section */

/* Begin PBXFileReference section */
		3D12B466194AF31000B8E9D9 /* classmethodwrapper.h */ = {isa = PBXFileReference; fileEncoding = 4; lastKnownFileType = sourcecode.c.h; name = classmethodwrapper.h; path = ../../src/classmethodwrapper.h; sourceTree = "<group>"; };
		3D12B467194AF31000B8E9D9 /* client.cpp */ = {isa = PBXFileReference; fileEncoding = 4; lastKnownFileType = sourcecode.cpp.cpp; name = client.cpp; path = ../../src/client.cpp; sourceTree = "<group>"; };
		3D12B468194AF31000B8E9D9 /* jsonutils.cpp */ = {isa = PBXFileReference; fileEncoding = 4; lastKnownFileType = sourcecode.cpp.cpp; name = jsonutils.cpp; path = ../../src/jsonutils.cpp; sourceTree = "<group>"; };
		3D12B469194AF31000B8E9D9 /* jsonutils.h */ = {isa = PBXFileReference; fileEncoding = 4; lastKnownFileType = sourcecode.c.h; name = jsonutils.h; path = ../../src/jsonutils.h; sourceTree = "<group>"; };
		3D12B46A194AF31000B8E9D9 /* message.cpp */ = {isa = PBXFileReference; fileEncoding = 4; lastKnownFileType = sourcecode.cpp.cpp; name = message.cpp; path = ../../src/message.cpp; sourceTree = "<group>"; };
		3D12B46B194AF31000B8E9D9 /* REBuffer.cpp */ = {isa = PBXFileReference; fileEncoding = 4; lastKnownFileType = sourcecode.cpp.cpp; name = REBuffer.cpp; path = ../../src/REBuffer.cpp; sourceTree = "<group>"; };
		3D12B46C194AF31000B8E9D9 /* REBufferNoCopy.cpp */ = {isa = PBXFileReference; fileEncoding = 4; lastKnownFileType = sourcecode.cpp.cpp; name = REBufferNoCopy.cpp; path = ../../src/REBufferNoCopy.cpp; sourceTree = "<group>"; };
		3D12B46D194AF31000B8E9D9 /* REMutableString.cpp */ = {isa = PBXFileReference; fileEncoding = 4; lastKnownFileType = sourcecode.cpp.cpp; name = REMutableString.cpp; path = ../../src/REMutableString.cpp; sourceTree = "<group>"; };
		3D12B470194AF31000B8E9D9 /* REStaticString.cpp */ = {isa = PBXFileReference; fileEncoding = 4; lastKnownFileType = sourcecode.cpp.cpp; name = REStaticString.cpp; path = ../../src/REStaticString.cpp; sourceTree = "<group>"; };
		3D12B471194AF31000B8E9D9 /* REString.cpp */ = {isa = PBXFileReference; fileEncoding = 4; lastKnownFileType = sourcecode.cpp.cpp; name = REString.cpp; path = ../../src/REString.cpp; sourceTree = "<group>"; };
		3D12B472194AF31000B8E9D9 /* REStringBase.cpp */ = {isa = PBXFileReference; fileEncoding = 4; lastKnownFileType = sourcecode.cpp.cpp; name = REStringBase.cpp; path = ../../src/REStringBase.cpp; sourceTree = "<group>"; };
		3D12B473194AF31000B8E9D9 /* REStringList.cpp */ = {isa = PBXFileReference; fileEncoding = 4; lastKnownFileType = sourcecode.cpp.cpp; name = REStringList.cpp; path = ../../src/REStringList.cpp; sourceTree = "<group>"; };
		3D12B474194AF31000B8E9D9 /* REStringUtilsPrivate.cpp */ = {isa = PBXFileReference; fileEncoding = 4; lastKnownFileType = sourcecode.cpp.cpp; name = REStringUtilsPrivate.cpp; path = ../../src/REStringUtilsPrivate.cpp; sourceTree = "<group>"; };
		3D12B475194AF31000B8E9D9 /* REStringUtilsPrivate.h */ = {isa = PBXFileReference; fileEncoding = 4; lastKnownFileType = sourcecode.c.h; name = REStringUtilsPrivate.h; path = ../../src/REStringUtilsPrivate.h; sourceTree = "<group>"; };
		3D12B478194AF31000B8E9D9 /* REWideString.cpp */ = {isa = PBXFileReference; fileEncoding = 4; lastKnownFileType = sourcecode.cpp.cpp; name = REWideString.cpp; path = ../../src/REWideString.cpp; sourceTree = "<group>"; };
		3D12B479194AF31000B8E9D9 /* transport.cpp */ = {isa = PBXFileReference; fileEncoding = 4; lastKnownFileType = sourcecode.cpp.cpp; name = transport.cpp; path = ../../src/transport.cpp; sourceTree = "<group>"; };
		3D12B47A194AF31000B8E9D9 /* transport.h */ = {isa = PBXFileReference; fileEncoding = 4; lastKnownFileType = sourcecode.c.h; name = transport.h; path = ../../src/transport.h; sourceTree = "<group>"; };
		3D12B47E194AF31000B8E9D9 /* websocket.cpp */ = {isa = PBXFileReference; fileEncoding = 4; lastKnownFileType = sourcecode.cpp.cpp; name = websocket.cpp; path = ../../src/websocket.cpp; sourceTree = "<group>"; };
		3D12B47F194AF31000B8E9D9 /* websocket.h */ = {isa = PBXFileReference; fileEncoding = 4; lastKnownFileType = sourcecode.c.h; name = websocket.h; path = ../../src/websocket.h; sourceTree = "<group>"; };
		3D50938A194D0AFF000EF310 /* RELog.cpp */ = {isa = PBXFileReference; fileEncoding = 4; lastKnownFileType = sourcecode.cpp.cpp; name = RELog.cpp; path = ../../src/RELog.cpp; sourceTree = "<group>"; };
		3D8CB87C194898B400943B53 /* libfayecpp.a */ = {isa = PBXFileReference; explicitFileType = archive.ar; includeInIndex = 0; path = libfayecpp.a; sourceTree = BUILT_PRODUCTS_DIR; };
		3D8CB87F194898B400943B53 /* Foundation.framework */ = {isa = PBXFileReference; lastKnownFileType = wrapper.framework; name = Foundation.framework; path = System/Library/Frameworks/Foundation.framework; sourceTree = SDKROOT; };
		3D8CB890194898B400943B53 /* UIKit.framework */ = {isa = PBXFileReference; lastKnownFileType = wrapper.framework; name = UIKit.framework; path = Library/Frameworks/UIKit.framework; sourceTree = DEVELOPER_DIR; };
		3D8CB8A61948994500943B53 /* base64-decode.c */ = {isa = PBXFileReference; fileEncoding = 4; lastKnownFileType = sourcecode.c.c; name = "base64-decode.c"; path = "../../libwebsockets/lib/base64-decode.c"; sourceTree = "<group>"; };
		3D8CB8A71948994500943B53 /* client-handshake.c */ = {isa = PBXFileReference; fileEncoding = 4; lastKnownFileType = sourcecode.c.c; name = "client-handshake.c"; path = "../../libwebsockets/lib/client-handshake.c"; sourceTree = "<group>"; };
		3D8CB8A81948994500943B53 /* client-parser.c */ = {isa = PBXFileReference; fileEncoding = 4; lastKnownFileType = sourcecode.c.c; name = "client-parser.c"; path = "../../libwebsockets/lib/client-parser.c"; sourceTree = "<group>"; };
		3D8CB8A91948994500943B53 /* client.c */ = {isa = PBXFileReference; fileEncoding = 4; lastKnownFileType = sourcecode.c.c; name = client.c; path = ../../libwebsockets/lib/client.c; sourceTree = "<group>"; };
		3D8CB8AA1948994500943B53 /* context.c */ = {isa = PBXFileReference; fileEncoding = 4; lastKnownFileType = sourcecode.c.c; name = context.c; path = ../../libwebsockets/lib/context.c; sourceTree = "<group>"; };
		3D8CB8AB1948994500943B53 /* extension-deflate-frame.c */ = {isa = PBXFileReference; fileEncoding = 4; lastKnownFileType = sourcecode.c.c; name = "extension-deflate-frame.c"; path = "../../libwebsockets/lib/extension-deflate-frame.c"; sourceTree = "<group>"; };
		3D8CB8AC1948994500943B53 /* extension-deflate-stream.c */ = {isa = PBXFileReference; fileEncoding = 4; lastKnownFileType = sourcecode.c.c; name = "extension-deflate-stream.c"; path = "../../libwebsockets/lib/extension-deflate-stream.c"; sourceTree = "<group>"; };
		3D8CB8AD1948994500943B53 /* extension.c */ = {isa = PBXFileReference; fileEncoding = 4; lastKnownFileType = sourcecode.c.c; name = extension.c; path = ../../libwebsockets/lib/extension.c; sourceTree = "<group>"; };
		3D8CB8AF1948994500943B53 /* handshake.c */ = {isa = PBXFileReference; fileEncoding = 4; lastKnownFileType = sourcecode.c.c; name = handshake.c; path = ../../libwebsockets/lib/handshake.c; sourceTree = "<group>"; };
		3D8CB8B01948994500943B53 /* libwebsockets.c */ = {isa = PBXFileReference; fileEncoding = 4; lastKnownFileType = sourcecode.c.c; name = libwebsockets.c; path = ../../libwebsockets/lib/libwebsockets.c; sourceTree = "<group>"; };
		3D8CB8B11948994500943B53 /* lws-plat-unix.c */ = {isa = PBXFileReference; fileEncoding = 4; lastKnownFileType = sourcecode.c.c; name = "lws-plat-unix.c"; path = "../../libwebsockets/lib/lws-plat-unix.c"; sourceTree = "<group>"; };
		3D8CB8B21948994500943B53 /* output.c */ = {isa = PBXFileReference; fileEncoding = 4; lastKnownFileType = sourcecode.c.c; name = output.c; path = ../../libwebsockets/lib/output.c; sourceTree = "<group>"; };
		3D8CB8B31948994500943B53 /* parsers.c */ = {isa = PBXFileReference; fileEncoding = 4; lastKnownFileType = sourcecode.c.c; name = parsers.c; path = ../../libwebsockets/lib/parsers.c; sourceTree = "<group>"; };
		3D8CB8B41948994500943B53 /* pollfd.c */ = {isa = PBXFileReference; fileEncoding = 4; lastKnownFileType = sourcecode.c.c; name = pollfd.c; path = ../../libwebsockets/lib/pollfd.c; sourceTree = "<group>"; };
		3D8CB8B51948994500943B53 /* service.c */ = {isa = PBXFileReference; fileEncoding = 4; lastKnownFileType = sourcecode.c.c; name = service.c; path = ../../libwebsockets/lib/service.c; sourceTree = "<group>"; };
		3D8CB8B61948994500943B53 /* sha-1.c */ = {isa = PBXFileReference; fileEncoding = 4; lastKnownFileType = sourcecode.c.c; name = "sha-1.c"; path = "../../libwebsockets/lib/sha-1.c"; sourceTree = "<group>"; };
		3D8CB8C91948996200943B53 /* dump.c */ = {isa = PBXFileReference; fileEncoding = 4; lastKnownFileType = sourcecode.c.c; name = dump.c; path = ../../jansson/src/dump.c; sourceTree = "<group>"; };
		3D8CB8CA1948996200943B53 /* error.c */ = {isa = PBXFileReference; fileEncoding = 4; lastKnownFileType = sourcecode.c.c; name = error.c; path = ../../jansson/src/error.c; sourceTree = "<group>"; };
		3D8CB8CB1948996200943B53 /* hashtable.c */ = {isa = PBXFileReference; fileEncoding = 4; lastKnownFileType = sourcecode.c.c; name = hashtable.c; path = ../../jansson/src/hashtable.c; sourceTree = "<group>"; };
		3D8CB8CC1948996200943B53 /* hashtable_seed.c */ = {isa = PBXFileReference; fileEncoding = 4; lastKnownFileType = sourcecode.c.c; name = hashtable_seed.c; path = ../../jansson/src/hashtable_seed.c; sourceTree = "<group>"; };
		3D8CB8CD1948996200943B53 /* load.c */ = {isa = PBXFileReference; fileEncoding = 4; lastKnownFileType = sourcecode.c.c; name = load.c; path = ../../jansson/src/load.c; sourceTree = "<group>"; };
		3D8CB8CE1948996200943B53 /* memory.c */ = {isa = PBXFileReference; fileEncoding = 4; lastKnownFileType = sourcecode.c.c; name = memory.c; path = ../../jansson/src/memory.c; sourceTree = "<group>"; };
		3D8CB8CF1948996200943B53 /* pack_unpack.c */ = {isa = PBXFileReference; fileEncoding = 4; lastKnownFileType = sourcecode.c.c; name = pack_unpack.c; path = ../../jansson/src/pack_unpack.c; sourceTree = "<group>"; };
		3D8CB8D01948996200943B53 /* strbuffer.c */ = {isa = PBXFileReference; fileEncoding = 4; lastKnownFileType = sourcecode.c.c; name = strbuffer.c; path = ../../jansson/src/strbuffer.c; sourceTree = "<group>"; };
		3D8CB8D11948996200943B53 /* strconv.c */ = {isa = PBXFileReference; fileEncoding = 4; lastKnownFileType = sourcecode.c.c; name = strconv.c; path = ../../jansson/src/strconv.c; sourceTree = "<group>"; };
		3D8CB8D21948996200943B53 /* utf.c */ = {isa = PBXFileReference; fileEncoding = 4; lastKnownFileType = sourcecode.c.c; name = utf.c; path = ../../jansson/src/utf.c; sourceTree = "<group>"; };
		3D8CB8D31948996200943B53 /* value.c */ = {isa = PBXFileReference; fileEncoding = 4; lastKnownFileType = sourcecode.c.c; name = value.c; path = ../../jansson/src/value.c; sourceTree = "<group>"; };
		3D8CB8F8194899FB00943B53 /* fayecpp.h */ = {isa = PBXFileReference; fileEncoding = 4; lastKnownFileType = sourcecode.c.h; name = fayecpp.h; path = ../../fayecpp.h; sourceTree = "<group>"; };
		3DA2A4B9196601C7002B7C09 /* FayeCppClient.h */ = {isa = PBXFileReference; fileEncoding = 4; lastKnownFileType = sourcecode.c.h; name = FayeCppClient.h; path = ../../contrib/objc/FayeCppClient.h; sourceTree = "<group>"; };
		3DA2A4BA196601C7002B7C09 /* FayeCppClient.mm */ = {isa = PBXFileReference; fileEncoding = 4; lastKnownFileType = sourcecode.cpp.objcpp; name = FayeCppClient.mm; path = ../../contrib/objc/FayeCppClient.mm; sourceTree = "<group>"; };
		3DAD75FC1A32FEA40054F999 /* alloc.c */ = {isa = PBXFileReference; fileEncoding = 4; lastKnownFileType = sourcecode.c.c; name = alloc.c; path = ../../libwebsockets/lib/alloc.c; sourceTree = "<group>"; };
		3DF2CAF81A496715003005FC /* REVariant.cpp */ = {isa = PBXFileReference; fileEncoding = 4; lastKnownFileType = sourcecode.cpp.cpp; name = REVariant.cpp; path = ../../src/REVariant.cpp; sourceTree = "<group>"; };
		3DF2CAF91A496715003005FC /* REVariantList.cpp */ = {isa = PBXFileReference; fileEncoding = 4; lastKnownFileType = sourcecode.cpp.cpp; name = REVariantList.cpp; path = ../../src/REVariantList.cpp; sourceTree = "<group>"; };
		3DF2CAFA1A496715003005FC /* REVariantMap.cpp */ = {isa = PBXFileReference; fileEncoding = 4; lastKnownFileType = sourcecode.cpp.cpp; name = REVariantMap.cpp; path = ../../src/REVariantMap.cpp; sourceTree = "<group>"; };
/* End PBXFileReference section */

/* Begin PBXFrameworksBuildPhase section */
		3D8CB879194898B400943B53 /* Frameworks */ = {
			isa = PBXFrameworksBuildPhase;
			buildActionMask = 2147483647;
			files = (
				3D8CB880194898B400943B53 /* Foundation.framework in Frameworks */,
			);
			runOnlyForDeploymentPostprocessing = 0;
		};
/* End PBXFrameworksBuildPhase section */

/* Begin PBXGroup section */
		3D8CB873194898B400943B53 = {
			isa = PBXGroup;
			children = (
				3DA2A4B8196601A4002B7C09 /* objc wraper */,
				3D8CB8A51948993C00943B53 /* libwebsockets */,
				3D8CB8C81948995A00943B53 /* jansson */,
				3D8CB8DF194899A300943B53 /* fayecpp */,
				3D8CB87E194898B400943B53 /* Frameworks */,
				3D8CB87D194898B400943B53 /* Products */,
			);
			sourceTree = "<group>";
		};
		3D8CB87D194898B400943B53 /* Products */ = {
			isa = PBXGroup;
			children = (
				3D8CB87C194898B400943B53 /* libfayecpp.a */,
			);
			name = Products;
			sourceTree = "<group>";
		};
		3D8CB87E194898B400943B53 /* Frameworks */ = {
			isa = PBXGroup;
			children = (
				3D8CB87F194898B400943B53 /* Foundation.framework */,
				3D8CB890194898B400943B53 /* UIKit.framework */,
			);
			name = Frameworks;
			sourceTree = "<group>";
		};
		3D8CB8A51948993C00943B53 /* libwebsockets */ = {
			isa = PBXGroup;
			children = (
				3D8CB8A61948994500943B53 /* base64-decode.c */,
				3D8CB8A71948994500943B53 /* client-handshake.c */,
				3D8CB8A81948994500943B53 /* client-parser.c */,
				3D8CB8A91948994500943B53 /* client.c */,
				3D8CB8AA1948994500943B53 /* context.c */,
				3D8CB8AB1948994500943B53 /* extension-deflate-frame.c */,
				3D8CB8AC1948994500943B53 /* extension-deflate-stream.c */,
				3D8CB8AD1948994500943B53 /* extension.c */,
				3D8CB8AF1948994500943B53 /* handshake.c */,
				3D8CB8B01948994500943B53 /* libwebsockets.c */,
				3D8CB8B11948994500943B53 /* lws-plat-unix.c */,
				3D8CB8B21948994500943B53 /* output.c */,
				3D8CB8B31948994500943B53 /* parsers.c */,
				3D8CB8B41948994500943B53 /* pollfd.c */,
				3D8CB8B51948994500943B53 /* service.c */,
				3D8CB8B61948994500943B53 /* sha-1.c */,
				3DAD75FC1A32FEA40054F999 /* alloc.c */,
			);
			name = libwebsockets;
			sourceTree = "<group>";
		};
		3D8CB8C81948995A00943B53 /* jansson */ = {
			isa = PBXGroup;
			children = (
				3D8CB8C91948996200943B53 /* dump.c */,
				3D8CB8CA1948996200943B53 /* error.c */,
				3D8CB8CB1948996200943B53 /* hashtable.c */,
				3D8CB8CC1948996200943B53 /* hashtable_seed.c */,
				3D8CB8CD1948996200943B53 /* load.c */,
				3D8CB8CE1948996200943B53 /* memory.c */,
				3D8CB8CF1948996200943B53 /* pack_unpack.c */,
				3D8CB8D01948996200943B53 /* strbuffer.c */,
				3D8CB8D11948996200943B53 /* strconv.c */,
				3D8CB8D21948996200943B53 /* utf.c */,
				3D8CB8D31948996200943B53 /* value.c */,
			);
			name = jansson;
			sourceTree = "<group>";
		};
		3D8CB8DF194899A300943B53 /* fayecpp */ = {
			isa = PBXGroup;
			children = (
				3D8CB8E2194899E500943B53 /* src */,
				3D8CB8F8194899FB00943B53 /* fayecpp.h */,
			);
			name = fayecpp;
			sourceTree = "<group>";
		};
		3D8CB8E2194899E500943B53 /* src */ = {
			isa = PBXGroup;
			children = (
				3D12B466194AF31000B8E9D9 /* classmethodwrapper.h */,
				3D12B467194AF31000B8E9D9 /* client.cpp */,
				3D12B468194AF31000B8E9D9 /* jsonutils.cpp */,
				3D12B469194AF31000B8E9D9 /* jsonutils.h */,
				3D12B46A194AF31000B8E9D9 /* message.cpp */,
				3D12B46B194AF31000B8E9D9 /* REBuffer.cpp */,
				3D12B46C194AF31000B8E9D9 /* REBufferNoCopy.cpp */,
				3D50938A194D0AFF000EF310 /* RELog.cpp */,
				3D12B46D194AF31000B8E9D9 /* REMutableString.cpp */,
				3D12B470194AF31000B8E9D9 /* REStaticString.cpp */,
				3D12B471194AF31000B8E9D9 /* REString.cpp */,
				3D12B472194AF31000B8E9D9 /* REStringBase.cpp */,
				3D12B473194AF31000B8E9D9 /* REStringList.cpp */,
				3D12B474194AF31000B8E9D9 /* REStringUtilsPrivate.cpp */,
				3D12B475194AF31000B8E9D9 /* REStringUtilsPrivate.h */,
				3D12B478194AF31000B8E9D9 /* REWideString.cpp */,
				3DF2CAF81A496715003005FC /* REVariant.cpp */,
				3DF2CAF91A496715003005FC /* REVariantList.cpp */,
				3DF2CAFA1A496715003005FC /* REVariantMap.cpp */,
				3D12B479194AF31000B8E9D9 /* transport.cpp */,
				3D12B47A194AF31000B8E9D9 /* transport.h */,
				3D12B47E194AF31000B8E9D9 /* websocket.cpp */,
				3D12B47F194AF31000B8E9D9 /* websocket.h */,
			);
			name = src;
			sourceTree = "<group>";
		};
		3DA2A4B8196601A4002B7C09 /* objc wraper */ = {
			isa = PBXGroup;
			children = (
				3DA2A4B9196601C7002B7C09 /* FayeCppClient.h */,
				3DA2A4BA196601C7002B7C09 /* FayeCppClient.mm */,
			);
			name = "objc wraper";
			sourceTree = "<group>";
		};
/* End PBXGroup section */

/* Begin PBXNativeTarget section */
		3D8CB87B194898B400943B53 /* fayecpp */ = {
			isa = PBXNativeTarget;
			buildConfigurationList = 3D8CB89F194898B400943B53 /* Build configuration list for PBXNativeTarget "fayecpp" */;
			buildPhases = (
				3D8CB878194898B400943B53 /* Sources */,
				3D8CB879194898B400943B53 /* Frameworks */,
				3D8CB87A194898B400943B53 /* CopyFiles */,
			);
			buildRules = (
			);
			dependencies = (
			);
			name = fayecpp;
			productName = fayecpp;
			productReference = 3D8CB87C194898B400943B53 /* libfayecpp.a */;
			productType = "com.apple.product-type.library.static";
		};
/* End PBXNativeTarget section */

/* Begin PBXProject section */
		3D8CB874194898B400943B53 /* Project object */ = {
			isa = PBXProject;
			attributes = {
				LastUpgradeCheck = 0510;
				ORGANIZATIONNAME = none;
			};
			buildConfigurationList = 3D8CB877194898B400943B53 /* Build configuration list for PBXProject "fayecpp" */;
			compatibilityVersion = "Xcode 3.2";
			developmentRegion = English;
			hasScannedForEncodings = 0;
			knownRegions = (
				en,
			);
			mainGroup = 3D8CB873194898B400943B53;
			productRefGroup = 3D8CB87D194898B400943B53 /* Products */;
			projectDirPath = "";
			projectRoot = "";
			targets = (
				3D8CB87B194898B400943B53 /* fayecpp */,
			);
		};
/* End PBXProject section */

/* Begin PBXSourcesBuildPhase section */
		3D8CB878194898B400943B53 /* Sources */ = {
			isa = PBXSourcesBuildPhase;
			buildActionMask = 2147483647;
			files = (
				3D12B487194AF31000B8E9D9 /* REMutableString.cpp in Sources */,
				3D8CB8DD1948996200943B53 /* utf.c in Sources */,
				3DAD75FD1A32FEA40054F999 /* alloc.c in Sources */,
				3DF2CAFB1A496715003005FC /* REVariant.cpp in Sources */,
				3D8CB8D51948996200943B53 /* error.c in Sources */,
				3D50938B194D0AFF000EF310 /* RELog.cpp in Sources */,
				3D8CB8D81948996200943B53 /* load.c in Sources */,
				3D8CB8BA1948994500943B53 /* client.c in Sources */,
				3D12B48A194AF31000B8E9D9 /* REString.cpp in Sources */,
				3D8CB8C11948994500943B53 /* libwebsockets.c in Sources */,
				3D12B486194AF31000B8E9D9 /* REBufferNoCopy.cpp in Sources */,
				3D8CB8BE1948994500943B53 /* extension.c in Sources */,
				3D8CB8BD1948994500943B53 /* extension-deflate-stream.c in Sources */,
				3D8CB8BB1948994500943B53 /* context.c in Sources */,
				3D8CB8D71948996200943B53 /* hashtable_seed.c in Sources */,
				3D12B48F194AF31000B8E9D9 /* REWideString.cpp in Sources */,
				3D8CB8D41948996200943B53 /* dump.c in Sources */,
				3D8CB8B81948994500943B53 /* client-handshake.c in Sources */,
				3D12B48C194AF31000B8E9D9 /* REStringList.cpp in Sources */,
				3D8CB8D91948996200943B53 /* memory.c in Sources */,
				3D12B484194AF31000B8E9D9 /* message.cpp in Sources */,
				3D8CB8DC1948996200943B53 /* strconv.c in Sources */,
				3D12B490194AF31000B8E9D9 /* transport.cpp in Sources */,
				3D12B485194AF31000B8E9D9 /* REBuffer.cpp in Sources */,
				3D8CB8DE1948996200943B53 /* value.c in Sources */,
				3DF2CAFD1A496715003005FC /* REVariantMap.cpp in Sources */,
				3D8CB8C01948994500943B53 /* handshake.c in Sources */,
				3D12B482194AF31000B8E9D9 /* client.cpp in Sources */,
				3D8CB8DB1948996200943B53 /* strbuffer.c in Sources */,
				3D8CB8C51948994500943B53 /* pollfd.c in Sources */,
				3D8CB8BC1948994500943B53 /* extension-deflate-frame.c in Sources */,
				3D12B483194AF31000B8E9D9 /* jsonutils.cpp in Sources */,
				3D12B48D194AF31000B8E9D9 /* REStringUtilsPrivate.cpp in Sources */,
				3DF2CAFC1A496715003005FC /* REVariantList.cpp in Sources */,
				3D8CB8C71948994500943B53 /* sha-1.c in Sources */,
				3D8CB8D61948996200943B53 /* hashtable.c in Sources */,
				3D8CB8B71948994500943B53 /* base64-decode.c in Sources */,
				3DA2A4BB196601C7002B7C09 /* FayeCppClient.mm in Sources */,
				3D8CB8C31948994500943B53 /* output.c in Sources */,
				3D12B489194AF31000B8E9D9 /* REStaticString.cpp in Sources */,
				3D8CB8C61948994500943B53 /* service.c in Sources */,
				3D12B494194AF31000B8E9D9 /* websocket.cpp in Sources */,
				3D8CB8C21948994500943B53 /* lws-plat-unix.c in Sources */,
				3D8CB8C41948994500943B53 /* parsers.c in Sources */,
				3D8CB8DA1948996200943B53 /* pack_unpack.c in Sources */,
				3D12B48B194AF31000B8E9D9 /* REStringBase.cpp in Sources */,
				3D8CB8B91948994500943B53 /* client-parser.c in Sources */,
			);
			runOnlyForDeploymentPostprocessing = 0;
		};
/* End PBXSourcesBuildPhase section */

/* Begin XCBuildConfiguration section */
		3D8CB89D194898B400943B53 /* Debug */ = {
			isa = XCBuildConfiguration;
			buildSettings = {
				ALWAYS_SEARCH_USER_PATHS = YES;
				CLANG_CXX_LANGUAGE_STANDARD = "gnu++0x";
				CLANG_CXX_LIBRARY = "libc++";
				CLANG_ENABLE_MODULES = YES;
				CLANG_ENABLE_OBJC_ARC = YES;
				CLANG_WARN_BOOL_CONVERSION = YES;
				CLANG_WARN_CONSTANT_CONVERSION = YES;
				CLANG_WARN_DIRECT_OBJC_ISA_USAGE = YES_ERROR;
				CLANG_WARN_EMPTY_BODY = YES;
				CLANG_WARN_ENUM_CONVERSION = YES;
				CLANG_WARN_INT_CONVERSION = YES;
				CLANG_WARN_OBJC_ROOT_CLASS = YES_ERROR;
				CLANG_WARN__DUPLICATE_METHOD_MATCH = YES;
				COPY_PHASE_STRIP = NO;
				GCC_C_LANGUAGE_STANDARD = gnu99;
				GCC_DYNAMIC_NO_PIC = NO;
				GCC_OPTIMIZATION_LEVEL = 0;
				GCC_PREPROCESSOR_DEFINITIONS = (
					"DEBUG=1",
					"$(inherited)",
					"HAVE_FAYECPP_CONFIG_H=1",
					"HAVE_CONFIG_H=1",
					"CMAKE_BUILD=1",
				);
				GCC_SYMBOLS_PRIVATE_EXTERN = NO;
				GCC_WARN_64_TO_32_BIT_CONVERSION = YES;
				GCC_WARN_ABOUT_RETURN_TYPE = YES_ERROR;
				GCC_WARN_UNDECLARED_SELECTOR = YES;
				GCC_WARN_UNINITIALIZED_AUTOS = YES_AGGRESSIVE;
				GCC_WARN_UNUSED_FUNCTION = YES;
				GCC_WARN_UNUSED_VARIABLE = YES;
				HEADER_SEARCH_PATHS = (
					"$(inherited)",
					/Applications/Xcode.app/Contents/Developer/Toolchains/XcodeDefault.xctoolchain/usr/include,
					../../libwebsockets/lib/,
					../../jansson/src/,
					../ios/,
					../../,
				);
				IPHONEOS_DEPLOYMENT_TARGET = 6.0;
				ONLY_ACTIVE_ARCH = YES;
				PRECOMPS_INCLUDE_HEADERS_FROM_BUILT_PRODUCTS_DIR = NO;
				SDKROOT = iphoneos;
			};
			name = Debug;
		};
		3D8CB89E194898B400943B53 /* Release */ = {
			isa = XCBuildConfiguration;
			buildSettings = {
				ALWAYS_SEARCH_USER_PATHS = YES;
				CLANG_CXX_LANGUAGE_STANDARD = "gnu++0x";
				CLANG_CXX_LIBRARY = "libc++";
				CLANG_ENABLE_MODULES = YES;
				CLANG_ENABLE_OBJC_ARC = YES;
				CLANG_WARN_BOOL_CONVERSION = YES;
				CLANG_WARN_CONSTANT_CONVERSION = YES;
				CLANG_WARN_DIRECT_OBJC_ISA_USAGE = YES_ERROR;
				CLANG_WARN_EMPTY_BODY = YES;
				CLANG_WARN_ENUM_CONVERSION = YES;
				CLANG_WARN_INT_CONVERSION = YES;
				CLANG_WARN_OBJC_ROOT_CLASS = YES_ERROR;
				CLANG_WARN__DUPLICATE_METHOD_MATCH = YES;
				COPY_PHASE_STRIP = YES;
				ENABLE_NS_ASSERTIONS = NO;
				GCC_C_LANGUAGE_STANDARD = gnu99;
				GCC_PREPROCESSOR_DEFINITIONS = (
					"$(inherited)",
					"HAVE_FAYECPP_CONFIG_H=1",
					"HAVE_CONFIG_H=1",
					"CMAKE_BUILD=1",
				);
				GCC_WARN_64_TO_32_BIT_CONVERSION = YES;
				GCC_WARN_ABOUT_RETURN_TYPE = YES_ERROR;
				GCC_WARN_UNDECLARED_SELECTOR = YES;
				GCC_WARN_UNINITIALIZED_AUTOS = YES_AGGRESSIVE;
				GCC_WARN_UNUSED_FUNCTION = YES;
				GCC_WARN_UNUSED_VARIABLE = YES;
				HEADER_SEARCH_PATHS = (
					"$(inherited)",
					/Applications/Xcode.app/Contents/Developer/Toolchains/XcodeDefault.xctoolchain/usr/include,
					../../libwebsockets/lib/,
					../../jansson/src/,
					../ios/,
					../../,
				);
				IPHONEOS_DEPLOYMENT_TARGET = 6.0;
				PRECOMPS_INCLUDE_HEADERS_FROM_BUILT_PRODUCTS_DIR = NO;
				SDKROOT = iphoneos;
				VALIDATE_PRODUCT = YES;
			};
			name = Release;
		};
		3D8CB8A0194898B400943B53 /* Debug */ = {
			isa = XCBuildConfiguration;
			buildSettings = {
				DSTROOT = /tmp/fayecpp.dst;
				OTHER_LDFLAGS = "-ObjC";
				PRODUCT_NAME = "$(TARGET_NAME)";
				SKIP_INSTALL = YES;
			};
			name = Debug;
		};
		3D8CB8A1194898B400943B53 /* Release */ = {
			isa = XCBuildConfiguration;
			buildSettings = {
				DSTROOT = /tmp/fayecpp.dst;
				OTHER_LDFLAGS = "-ObjC";
				PRODUCT_NAME = "$(TARGET_NAME)";
				SKIP_INSTALL = YES;
			};
			name = Release;
		};
/* End XCBuildConfiguration section */

/* Begin XCConfigurationList section */
		3D8CB877194898B400943B53 /* Build configuration list for PBXProject "fayecpp" */ = {
			isa = XCConfigurationList;
			buildConfigurations = (
				3D8CB89D194898B400943B53 /* Debug */,
				3D8CB89E194898B400943B53 /* Release */,
			);
			defaultConfigurationIsVisible = 0;
			defaultConfigurationName = Release;
		};
		3D8CB89F194898B400943B53 /* Build configuration list for PBXNativeTarget "fayecpp" */ = {
			isa = XCConfigurationList;
			buildConfigurations = (
				3D8CB8A0194898B400943B53 /* Debug */,
				3D8CB8A1194898B400943B53 /* Release */,
			);
			defaultConfigurationIsVisible = 0;
			defaultConfigurationName = Release;
		};
/* End XCConfigurationList section */
	};
	rootObject = 3D8CB874194898B400943B53 /* Project object */;
}
